<?xml version="1.0" encoding="utf-8"?>
<Project ToolsVersion="4.0" xmlns="http://schemas.microsoft.com/developer/msbuild/2003">
  <ItemGroup>
    <Filter Include="Resource Files">
      <UniqueIdentifier>{67DA6AB6-F800-4c08-8B7A-83BB121AAD01}</UniqueIdentifier>
      <Extensions>rc;ico;cur;bmp;dlg;rc2;rct;bin;rgs;gif;jpg;jpeg;jpe;resx;tiff;tif;png;wav;mfcribbon-ms</Extensions>
    </Filter>
    <Filter Include="EosSyncLib">
      <UniqueIdentifier>{cef2cfcb-204f-485e-8d6c-250f86c6afc3}</UniqueIdentifier>
    </Filter>
    <Filter Include="EosSyncLib\Header Files">
      <UniqueIdentifier>{0da39691-5166-4628-84be-159703543643}</UniqueIdentifier>
    </Filter>
    <Filter Include="EosSyncLib\Source Files">
      <UniqueIdentifier>{a2e45461-023f-43ba-a322-34ec48590300}</UniqueIdentifier>
    </Filter>
    <Filter Include="OSCWidgets">
      <UniqueIdentifier>{43eada99-99df-4464-92cc-d47b276bd0a5}</UniqueIdentifier>
    </Filter>
    <Filter Include="OSCWidgets\Header Files">
      <UniqueIdentifier>{93995380-89BD-4b04-88EB-625FBE52EBFB}</UniqueIdentifier>
      <Extensions>h;hpp;hxx;hm;inl;inc;xsd</Extensions>
    </Filter>
    <Filter Include="OSCWidgets\Source Files">
      <UniqueIdentifier>{4FC737F1-C7A5-4376-A066-2A32D752A2FF}</UniqueIdentifier>
      <Extensions>cpp;c;cc;cxx;def;odl;idl;hpj;bat;asm;asmx</Extensions>
    </Filter>
    <Filter Include="OSCWidgets\Source Files\moc">
      <UniqueIdentifier>{db9bb2de-a62b-4d6b-ba93-39da3b82e87a}</UniqueIdentifier>
    </Filter>
  </ItemGroup>
  <ItemGroup>
    <ClCompile Include="main.cpp">
      <Filter>OSCWidgets\Source Files</Filter>
    </ClCompile>
    <ClCompile Include="MainWindow.cpp">
      <Filter>OSCWidgets\Source Files</Filter>
    </ClCompile>
    <ClCompile Include="..\..\EosSyncLib\EosSyncLib\EosLog.cpp">
      <Filter>EosSyncLib\Source Files</Filter>
    </ClCompile>
    <ClCompile Include="..\..\EosSyncLib\EosSyncLib\EosOsc.cpp">
      <Filter>EosSyncLib\Source Files</Filter>
    </ClCompile>
    <ClCompile Include="..\..\EosSyncLib\EosSyncLib\EosSyncLib.cpp">
      <Filter>EosSyncLib\Source Files</Filter>
    </ClCompile>
    <ClCompile Include="..\..\EosSyncLib\EosSyncLib\EosTcp.cpp">
      <Filter>EosSyncLib\Source Files</Filter>
    </ClCompile>
    <ClCompile Include="..\..\EosSyncLib\EosSyncLib\EosTcp_Win.cpp">
      <Filter>EosSyncLib\Source Files</Filter>
    </ClCompile>
    <ClCompile Include="..\..\EosSyncLib\EosSyncLib\EosTimer.cpp">
      <Filter>EosSyncLib\Source Files</Filter>
    </ClCompile>
    <ClCompile Include="..\..\EosSyncLib\EosSyncLib\OSCParser.cpp">
      <Filter>EosSyncLib\Source Files</Filter>
    </ClCompile>
    <ClCompile Include="..\..\EosSyncLib\EosSyncLib\EosUdp.cpp">
      <Filter>EosSyncLib\Source Files</Filter>
    </ClCompile>
    <ClCompile Include="..\..\EosSyncLib\EosSyncLib\EosUdp_Win.cpp">
      <Filter>EosSyncLib\Source Files</Filter>
    </ClCompile>
    <ClCompile Include="Toys.cpp">
      <Filter>OSCWidgets\Source Files</Filter>
    </ClCompile>
    <ClCompile Include="OSCWidgets.qrc.cpp">
      <Filter>OSCWidgets\Source Files</Filter>
    </ClCompile>
    <ClCompile Include="NetworkThreads.cpp">
      <Filter>OSCWidgets\Source Files</Filter>
    </ClCompile>
    <ClCompile Include="SettingsPanel.cpp">
      <Filter>OSCWidgets\Source Files</Filter>
    </ClCompile>
    <ClCompile Include="Toy.cpp">
      <Filter>OSCWidgets\Source Files</Filter>
    </ClCompile>
    <ClCompile Include="EditPanel.cpp">
      <Filter>OSCWidgets\Source Files</Filter>
    </ClCompile>
    <ClCompile Include="ToyButton.cpp">
      <Filter>OSCWidgets\Source Files</Filter>
    </ClCompile>
    <ClCompile Include="ToyWidget.cpp">
      <Filter>OSCWidgets\Source Files</Filter>
    </ClCompile>
    <ClCompile Include="ToyGrid.cpp">
      <Filter>OSCWidgets\Source Files</Filter>
    </ClCompile>
    <ClCompile Include="moc\moc_EditPanel.cpp">
      <Filter>OSCWidgets\Source Files\moc</Filter>
    </ClCompile>
    <ClCompile Include="moc\moc_ToyWidget.cpp">
      <Filter>OSCWidgets\Source Files\moc</Filter>
    </ClCompile>
    <ClCompile Include="moc\moc_MainWindow.cpp">
      <Filter>OSCWidgets\Source Files\moc</Filter>
    </ClCompile>
    <ClCompile Include="moc\moc_SettingsPanel.cpp">
      <Filter>OSCWidgets\Source Files\moc</Filter>
    </ClCompile>
    <ClCompile Include="moc\moc_Toy.cpp">
      <Filter>OSCWidgets\Source Files\moc</Filter>
    </ClCompile>
    <ClCompile Include="moc\moc_ToyButton.cpp">
      <Filter>OSCWidgets\Source Files\moc</Filter>
    </ClCompile>
    <ClCompile Include="moc\moc_ToyGrid.cpp">
      <Filter>OSCWidgets\Source Files\moc</Filter>
    </ClCompile>
    <ClCompile Include="moc\moc_Toys.cpp">
      <Filter>OSCWidgets\Source Files\moc</Filter>
    </ClCompile>
    <ClCompile Include="ToySlider.cpp">
      <Filter>OSCWidgets\Source Files</Filter>
    </ClCompile>
    <ClCompile Include="moc\moc_ToySlider.cpp">
      <Filter>OSCWidgets\Source Files\moc</Filter>
    </ClCompile>
    <ClCompile Include="moc\moc_ToyXY.cpp">
      <Filter>OSCWidgets\Source Files\moc</Filter>
    </ClCompile>
    <ClCompile Include="ToyEncoder.cpp">
      <Filter>OSCWidgets\Source Files</Filter>
    </ClCompile>
    <ClCompile Include="moc\moc_ToyEncoder.cpp">
      <Filter>OSCWidgets\Source Files\moc</Filter>
    </ClCompile>
    <ClCompile Include="ToyMetro.cpp">
      <Filter>OSCWidgets\Source Files</Filter>
    </ClCompile>
    <ClCompile Include="moc\moc_ToyMetro.cpp">
      <Filter>OSCWidgets\Source Files\moc</Filter>
    </ClCompile>
    <ClCompile Include="ToySine.cpp">
      <Filter>OSCWidgets\Source Files</Filter>
    </ClCompile>
    <ClCompile Include="moc\moc_ToySine.cpp">
      <Filter>OSCWidgets\Source Files\moc</Filter>
    </ClCompile>
    <ClCompile Include="ToyCmd.cpp">
      <Filter>OSCWidgets\Source Files</Filter>
    </ClCompile>
    <ClCompile Include="moc\moc_ToyCmd.cpp">
      <Filter>OSCWidgets\Source Files\moc</Filter>
    </ClCompile>
    <ClCompile Include="ToyPedal.cpp">
      <Filter>OSCWidgets\Source Files</Filter>
    </ClCompile>
    <ClCompile Include="moc\moc_ToyPedal.cpp">
      <Filter>OSCWidgets\Source Files\moc</Filter>
    </ClCompile>
    <ClCompile Include="Utils.cpp">
      <Filter>OSCWidgets\Source Files</Filter>
    </ClCompile>
    <ClCompile Include="ToyXY.cpp">
      <Filter>OSCWidgets\Source Files</Filter>
    </ClCompile>
    <ClCompile Include="ToyFlicker.cpp">
      <Filter>OSCWidgets\Source Files</Filter>
    </ClCompile>
    <ClCompile Include="moc\moc_ToyFlicker.cpp">
      <Filter>OSCWidgets\Source Files\moc</Filter>
    </ClCompile>
    <ClCompile Include="FadeButton.cpp">
      <Filter>OSCWidgets\Source Files</Filter>
    </ClCompile>
    <ClCompile Include="moc\moc_FadeButton.cpp">
      <Filter>OSCWidgets\Source Files\moc</Filter>
    </ClCompile>
    <ClCompile Include="ToyActivity.cpp">
      <Filter>OSCWidgets\Source Files</Filter>
    </ClCompile>
    <ClCompile Include="moc\moc_ToyActivity.cpp">
      <Filter>OSCWidgets\Source Files\moc</Filter>
    </ClCompile>
    <ClCompile Include="LogFile.cpp">
      <Filter>OSCWidgets\Source Files</Filter>
    </ClCompile>
    <ClCompile Include="LogWidget.cpp">
      <Filter>OSCWidgets\Source Files</Filter>
    </ClCompile>
    <ClCompile Include="moc\moc_LogWidget.cpp">
      <Filter>OSCWidgets\Source Files\moc</Filter>
    </ClCompile>
  </ItemGroup>
  <ItemGroup>
    <ClInclude Include="QtInclude.h">
      <Filter>OSCWidgets\Header Files</Filter>
    </ClInclude>
    <ClInclude Include="..\..\EosSyncLib\EosSyncLib\EosLog.h">
      <Filter>EosSyncLib\Header Files</Filter>
    </ClInclude>
    <ClInclude Include="..\..\EosSyncLib\EosSyncLib\EosTimer.h">
      <Filter>EosSyncLib\Header Files</Filter>
    </ClInclude>
    <ClInclude Include="..\..\EosSyncLib\EosSyncLib\EosOsc.h">
      <Filter>EosSyncLib\Header Files</Filter>
    </ClInclude>
    <ClInclude Include="..\..\EosSyncLib\EosSyncLib\EosSyncLib.h">
      <Filter>EosSyncLib\Header Files</Filter>
    </ClInclude>
    <ClInclude Include="..\..\EosSyncLib\EosSyncLib\EosTcp.h">
      <Filter>EosSyncLib\Header Files</Filter>
    </ClInclude>
    <ClInclude Include="..\..\EosSyncLib\EosSyncLib\EosTcp_Win.h">
      <Filter>EosSyncLib\Header Files</Filter>
    </ClInclude>
    <ClInclude Include="..\..\EosSyncLib\EosSyncLib\OSCParser.h">
      <Filter>EosSyncLib\Header Files</Filter>
    </ClInclude>
    <ClInclude Include="resource.h">
      <Filter>OSCWidgets\Header Files</Filter>
    </ClInclude>
    <ClInclude Include="..\..\EosSyncLib\EosSyncLib\EosUdp.h">
      <Filter>EosSyncLib\Header Files</Filter>
    </ClInclude>
    <ClInclude Include="..\..\EosSyncLib\EosSyncLib\EosUdp_Win.h">
      <Filter>EosSyncLib\Header Files</Filter>
    </ClInclude>
    <ClInclude Include="NetworkThreads.h">
      <Filter>OSCWidgets\Header Files</Filter>
    </ClInclude>
    <ClInclude Include="ToyMath.h">
      <Filter>OSCWidgets\Header Files</Filter>
    </ClInclude>
    <ClInclude Include="Utils.h">
      <Filter>OSCWidgets\Header Files</Filter>
    </ClInclude>
    <ClInclude Include="LogFile.h">
      <Filter>OSCWidgets\Header Files</Filter>
    </ClInclude>
  </ItemGroup>
  <ItemGroup>
    <CustomBuild Include="MainWindow.h">
      <Filter>OSCWidgets\Header Files</Filter>
    </CustomBuild>
    <CustomBuild Include="Toys.h">
      <Filter>OSCWidgets\Header Files</Filter>
    </CustomBuild>
    <CustomBuild Include="SettingsPanel.h">
      <Filter>OSCWidgets\Header Files</Filter>
    </CustomBuild>
    <CustomBuild Include="Toy.h">
      <Filter>OSCWidgets\Header Files</Filter>
    </CustomBuild>
    <CustomBuild Include="EditPanel.h">
      <Filter>OSCWidgets\Header Files</Filter>
    </CustomBuild>
    <CustomBuild Include="ToyButton.h">
      <Filter>OSCWidgets\Header Files</Filter>
    </CustomBuild>
    <CustomBuild Include="ToyWidget.h">
      <Filter>OSCWidgets\Header Files</Filter>
    </CustomBuild>
    <CustomBuild Include="ToyGrid.h">
      <Filter>OSCWidgets\Header Files</Filter>
    </CustomBuild>
    <CustomBuild Include="ToySlider.h">
      <Filter>OSCWidgets\Header Files</Filter>
    </CustomBuild>
    <CustomBuild Include="ToyXY.h">
      <Filter>OSCWidgets\Header Files</Filter>
    </CustomBuild>
    <CustomBuild Include="ToyEncoder.h">
      <Filter>OSCWidgets\Header Files</Filter>
    </CustomBuild>
    <CustomBuild Include="ToyMetro.h">
      <Filter>OSCWidgets\Header Files</Filter>
    </CustomBuild>
    <CustomBuild Include="ToySine.h">
      <Filter>OSCWidgets\Header Files</Filter>
    </CustomBuild>
    <CustomBuild Include="ToyCmd.h">
      <Filter>OSCWidgets\Header Files</Filter>
    </CustomBuild>
    <CustomBuild Include="ToyPedal.h">
      <Filter>OSCWidgets\Header Files</Filter>
    </CustomBuild>
    <CustomBuild Include="ToyFlicker.h">
      <Filter>OSCWidgets\Header Files</Filter>
    </CustomBuild>
    <CustomBuild Include="FadeButton.h">
      <Filter>OSCWidgets\Header Files</Filter>
    </CustomBuild>
    <CustomBuild Include="ToyActivity.h">
      <Filter>OSCWidgets\Header Files</Filter>
    </CustomBuild>
    <CustomBuild Include="LogWidget.h">
      <Filter>OSCWidgets\Header Files</Filter>
    </CustomBuild>
  </ItemGroup>
  <ItemGroup>
    <ResourceCompile Include="OSCWidgets.rc">
      <Filter>Resource Files</Filter>
    </ResourceCompile>
  </ItemGroup>
  <ItemGroup>
    <None Include="icon1.ico">
      <Filter>Resource Files</Filter>
    </None>
  </ItemGroup>
</Project>