// !$*UTF8*$!
{
	archiveVersion = 1;
	classes = {
	};
	objectVersion = 46;
	objects = {

/* Begin PBXBuildFile section */
		69283AE61CC0373D00F2F31C /* moc_ToyWindow.cpp in Build Sources */ = {isa = PBXBuildFile; fileRef = 69283AE51CC0373D00F2F31C /* moc_ToyWindow.cpp */; };
		695301651C9CB459001CA235 /* ToyActivity.cpp in Build Sources */ = {isa = PBXBuildFile; fileRef = 695301631C9CB459001CA235 /* ToyActivity.cpp */; };
		695301681C9CB4F5001CA235 /* moc_ToyActivity.cpp in Build Sources */ = {isa = PBXBuildFile; fileRef = 695301671C9CB4F5001CA235 /* moc_ToyActivity.cpp */; };
		69625E191CD1B6D800DFCD46 /* ToyLabel.cpp in Build Sources */ = {isa = PBXBuildFile; fileRef = 69625E171CD1B6D800DFCD46 /* ToyLabel.cpp */; };
		69A527D71C721D50002B7FA1 /* FadeButton.cpp in Build Sources */ = {isa = PBXBuildFile; fileRef = 69A527D31C721D50002B7FA1 /* FadeButton.cpp */; };
		69A527D81C721D50002B7FA1 /* ToyFlicker.cpp in Build Sources */ = {isa = PBXBuildFile; fileRef = 69A527D51C721D50002B7FA1 /* ToyFlicker.cpp */; };
		69A527DD1C721E2C002B7FA1 /* moc_FadeButton.cpp in Build Sources */ = {isa = PBXBuildFile; fileRef = 69A527DB1C721E2C002B7FA1 /* moc_FadeButton.cpp */; };
		69A527DE1C721E2C002B7FA1 /* moc_ToyFlicker.cpp in Build Sources */ = {isa = PBXBuildFile; fileRef = 69A527DC1C721E2C002B7FA1 /* moc_ToyFlicker.cpp */; };
		69B3CA401CD2C793006D6582 /* EosPlatform_Mac_Native.mm in Build Sources */ = {isa = PBXBuildFile; fileRef = 69B3CA3B1CD2C793006D6582 /* EosPlatform_Mac_Native.mm */; };
		69B3CA411CD2C793006D6582 /* EosPlatform_Mac.cpp in Build Sources */ = {isa = PBXBuildFile; fileRef = 69B3CA3C1CD2C793006D6582 /* EosPlatform_Mac.cpp */; };
		69B3CA421CD2C793006D6582 /* EosPlatform.cpp in Build Sources */ = {isa = PBXBuildFile; fileRef = 69B3CA3E1CD2C793006D6582 /* EosPlatform.cpp */; };
		69F843A81CBF421B008F5AF4 /* ToyWindow.cpp in Build Sources */ = {isa = PBXBuildFile; fileRef = 69F843A61CBF421B008F5AF4 /* ToyWindow.cpp */; };
		69FD62241CB370F0006A81D8 /* LogFile.cpp in Build Sources */ = {isa = PBXBuildFile; fileRef = 69FD62201CB370F0006A81D8 /* LogFile.cpp */; };
		69FD62251CB370F0006A81D8 /* LogWidget.cpp in Build Sources */ = {isa = PBXBuildFile; fileRef = 69FD62221CB370F0006A81D8 /* LogWidget.cpp */; };
		69FD62281CB37170006A81D8 /* moc_LogWidget.cpp in Build Sources */ = {isa = PBXBuildFile; fileRef = 69FD62271CB37170006A81D8 /* moc_LogWidget.cpp */; };
		72C5262B209CFA98006B8CCB /* QtCore.framework in Frameworks & Libraries */ = {isa = PBXBuildFile; fileRef = 72C52627209CFA98006B8CCB /* QtCore.framework */; };
		72C5262C209CFA98006B8CCB /* QtGui.framework in Frameworks & Libraries */ = {isa = PBXBuildFile; fileRef = 72C52628209CFA98006B8CCB /* QtGui.framework */; };
		72C5262D209CFA98006B8CCB /* QtNetwork.framework in Frameworks & Libraries */ = {isa = PBXBuildFile; fileRef = 72C52629209CFA98006B8CCB /* QtNetwork.framework */; };
		72C5262E209CFA98006B8CCB /* QtWidgets.framework in Frameworks & Libraries */ = {isa = PBXBuildFile; fileRef = 72C5262A209CFA98006B8CCB /* QtWidgets.framework */; };
		971D40B11BD1AB7F00661378 /* EditPanel.cpp in Build Sources */ = {isa = PBXBuildFile; fileRef = 971D40941BD1AB7F00661378 /* EditPanel.cpp */; };
		971D40B21BD1AB7F00661378 /* ToyXY.cpp in Build Sources */ = {isa = PBXBuildFile; fileRef = 971D40961BD1AB7F00661378 /* ToyXY.cpp */; };
		971D40B31BD1AB7F00661378 /* NetworkThreads.cpp in Build Sources */ = {isa = PBXBuildFile; fileRef = 971D40971BD1AB7F00661378 /* NetworkThreads.cpp */; };
		971D40B41BD1AB7F00661378 /* SettingsPanel.cpp in Build Sources */ = {isa = PBXBuildFile; fileRef = 971D40991BD1AB7F00661378 /* SettingsPanel.cpp */; };
		971D40B51BD1AB7F00661378 /* Toy.cpp in Build Sources */ = {isa = PBXBuildFile; fileRef = 971D409B1BD1AB7F00661378 /* Toy.cpp */; };
		971D40B61BD1AB7F00661378 /* ToyButton.cpp in Build Sources */ = {isa = PBXBuildFile; fileRef = 971D409D1BD1AB7F00661378 /* ToyButton.cpp */; };
		971D40B71BD1AB7F00661378 /* ToyCmd.cpp in Build Sources */ = {isa = PBXBuildFile; fileRef = 971D409F1BD1AB7F00661378 /* ToyCmd.cpp */; };
		971D40B81BD1AB7F00661378 /* ToyEncoder.cpp in Build Sources */ = {isa = PBXBuildFile; fileRef = 971D40A11BD1AB7F00661378 /* ToyEncoder.cpp */; };
		971D40B91BD1AB7F00661378 /* ToyGrid.cpp in Build Sources */ = {isa = PBXBuildFile; fileRef = 971D40A31BD1AB7F00661378 /* ToyGrid.cpp */; };
		971D40BA1BD1AB7F00661378 /* ToyMetro.cpp in Build Sources */ = {isa = PBXBuildFile; fileRef = 971D40A61BD1AB7F00661378 /* ToyMetro.cpp */; };
		971D40BC1BD1AB7F00661378 /* ToySine.cpp in Build Sources */ = {isa = PBXBuildFile; fileRef = 971D40AA1BD1AB7F00661378 /* ToySine.cpp */; };
		971D40BD1BD1AB7F00661378 /* ToySlider.cpp in Build Sources */ = {isa = PBXBuildFile; fileRef = 971D40AC1BD1AB7F00661378 /* ToySlider.cpp */; };
		971D40BE1BD1AB7F00661378 /* ToyWidget.cpp in Build Sources */ = {isa = PBXBuildFile; fileRef = 971D40AE1BD1AB7F00661378 /* ToyWidget.cpp */; };
		971D40DA1BD1AF3D00661378 /* moc_EditPanel.cpp in Build Sources */ = {isa = PBXBuildFile; fileRef = 971D40CD1BD1AF3D00661378 /* moc_EditPanel.cpp */; };
		971D40DB1BD1AF3D00661378 /* moc_SettingsPanel.cpp in Build Sources */ = {isa = PBXBuildFile; fileRef = 971D40CE1BD1AF3D00661378 /* moc_SettingsPanel.cpp */; };
		971D40DC1BD1AF3D00661378 /* moc_Toy.cpp in Build Sources */ = {isa = PBXBuildFile; fileRef = 971D40CF1BD1AF3D00661378 /* moc_Toy.cpp */; };
		971D40DD1BD1AF3D00661378 /* moc_ToyButton.cpp in Build Sources */ = {isa = PBXBuildFile; fileRef = 971D40D01BD1AF3D00661378 /* moc_ToyButton.cpp */; };
		971D40DE1BD1AF3E00661378 /* moc_ToyCmd.cpp in Build Sources */ = {isa = PBXBuildFile; fileRef = 971D40D11BD1AF3D00661378 /* moc_ToyCmd.cpp */; };
		971D40DF1BD1AF3E00661378 /* moc_ToyEncoder.cpp in Build Sources */ = {isa = PBXBuildFile; fileRef = 971D40D21BD1AF3D00661378 /* moc_ToyEncoder.cpp */; };
		971D40E01BD1AF3E00661378 /* moc_ToyGrid.cpp in Build Sources */ = {isa = PBXBuildFile; fileRef = 971D40D31BD1AF3D00661378 /* moc_ToyGrid.cpp */; };
		971D40E11BD1AF3E00661378 /* moc_ToyMetro.cpp in Build Sources */ = {isa = PBXBuildFile; fileRef = 971D40D41BD1AF3D00661378 /* moc_ToyMetro.cpp */; };
		971D40E31BD1AF3E00661378 /* moc_ToySine.cpp in Build Sources */ = {isa = PBXBuildFile; fileRef = 971D40D61BD1AF3D00661378 /* moc_ToySine.cpp */; };
		971D40E41BD1AF3E00661378 /* moc_ToySlider.cpp in Build Sources */ = {isa = PBXBuildFile; fileRef = 971D40D71BD1AF3D00661378 /* moc_ToySlider.cpp */; };
		971D40E51BD1AF3E00661378 /* moc_ToyWidget.cpp in Build Sources */ = {isa = PBXBuildFile; fileRef = 971D40D81BD1AF3D00661378 /* moc_ToyWidget.cpp */; };
		971D40E61BD1AF3E00661378 /* moc_ToyXY.cpp in Build Sources */ = {isa = PBXBuildFile; fileRef = 971D40D91BD1AF3D00661378 /* moc_ToyXY.cpp */; };
		9730C2E71AB7C0230039899F /* moc_MainWindow.cpp in Build Sources */ = {isa = PBXBuildFile; fileRef = 9730C2E51AB7C0230039899F /* moc_MainWindow.cpp */; };
		9730C2EC1AB7C1CE0039899F /* eos.icns in Bundle Resources */ = {isa = PBXBuildFile; fileRef = 9730C2EB1AB7C1CE0039899F /* eos.icns */; };
		9766D4431BD9E3D3005BF988 /* ToyPedal.cpp in Build Sources */ = {isa = PBXBuildFile; fileRef = 9766D43F1BD9E3D3005BF988 /* ToyPedal.cpp */; };
		9766D4441BD9E3D3005BF988 /* Utils.cpp in Build Sources */ = {isa = PBXBuildFile; fileRef = 9766D4411BD9E3D3005BF988 /* Utils.cpp */; };
		9766D4461BD9E460005BF988 /* moc_ToyPedal.cpp in Build Sources */ = {isa = PBXBuildFile; fileRef = 9766D4451BD9E460005BF988 /* moc_ToyPedal.cpp */; };
		979091D91B1912D400E4291B /* EosUdp_Mac.cpp in Build Sources */ = {isa = PBXBuildFile; fileRef = 979091D51B1912D400E4291B /* EosUdp_Mac.cpp */; };
		979091DA1B1912D400E4291B /* EosUdp.cpp in Build Sources */ = {isa = PBXBuildFile; fileRef = 979091D71B1912D400E4291B /* EosUdp.cpp */; };
		97BD426D1BAA702B00F534CC /* OSCWidgets.qrc.cpp in Build Sources */ = {isa = PBXBuildFile; fileRef = 97BD426B1BAA702B00F534CC /* OSCWidgets.qrc.cpp */; };
		97E137371AB28C3A0056BE05 /* main.cpp in Build Sources */ = {isa = PBXBuildFile; fileRef = 97E137331AB28C3A0056BE05 /* main.cpp */; };
		97E137381AB28C3A0056BE05 /* MainWindow.cpp in Build Sources */ = {isa = PBXBuildFile; fileRef = 97E137341AB28C3A0056BE05 /* MainWindow.cpp */; };
		97E137481AB28C720056BE05 /* EosLog.cpp in Build Sources */ = {isa = PBXBuildFile; fileRef = 97E1373A1AB28C720056BE05 /* EosLog.cpp */; };
		97E137491AB28C720056BE05 /* EosOsc.cpp in Build Sources */ = {isa = PBXBuildFile; fileRef = 97E1373C1AB28C720056BE05 /* EosOsc.cpp */; };
		97E1374A1AB28C720056BE05 /* EosSyncLib.cpp in Build Sources */ = {isa = PBXBuildFile; fileRef = 97E1373E1AB28C720056BE05 /* EosSyncLib.cpp */; };
		97E1374B1AB28C720056BE05 /* EosTcp_Mac.cpp in Build Sources */ = {isa = PBXBuildFile; fileRef = 97E137401AB28C720056BE05 /* EosTcp_Mac.cpp */; };
		97E1374C1AB28C720056BE05 /* EosTcp.cpp in Build Sources */ = {isa = PBXBuildFile; fileRef = 97E137421AB28C720056BE05 /* EosTcp.cpp */; };
		97E1374D1AB28C720056BE05 /* EosTimer.cpp in Build Sources */ = {isa = PBXBuildFile; fileRef = 97E137441AB28C720056BE05 /* EosTimer.cpp */; };
		97E1374E1AB28C720056BE05 /* OSCParser.cpp in Build Sources */ = {isa = PBXBuildFile; fileRef = 97E137461AB28C720056BE05 /* OSCParser.cpp */; };
		97FE38531B7FB56400B5DE7E /* Toys.cpp in Build Sources */ = {isa = PBXBuildFile; fileRef = 97FE38511B7FB56400B5DE7E /* Toys.cpp */; };
		97FE38561B7FC38100B5DE7E /* moc_Toys.cpp in Build Sources */ = {isa = PBXBuildFile; fileRef = 97FE38551B7FC38100B5DE7E /* moc_Toys.cpp */; };
/* End PBXBuildFile section */

/* Begin PBXFileReference section */
		69283AE51CC0373D00F2F31C /* moc_ToyWindow.cpp */ = {isa = PBXFileReference; fileEncoding = 4; lastKnownFileType = sourcecode.cpp.cpp; name = moc_ToyWindow.cpp; path = OSCWidgets/moc_ToyWindow.cpp; sourceTree = SOURCE_ROOT; };
		695301631C9CB459001CA235 /* ToyActivity.cpp */ = {isa = PBXFileReference; fileEncoding = 4; lastKnownFileType = sourcecode.cpp.cpp; name = ToyActivity.cpp; path = OSCWidgets/ToyActivity.cpp; sourceTree = SOURCE_ROOT; };
		695301641C9CB459001CA235 /* ToyActivity.h */ = {isa = PBXFileReference; fileEncoding = 4; lastKnownFileType = sourcecode.c.h; name = ToyActivity.h; path = OSCWidgets/ToyActivity.h; sourceTree = SOURCE_ROOT; };
		695301671C9CB4F5001CA235 /* moc_ToyActivity.cpp */ = {isa = PBXFileReference; fileEncoding = 4; lastKnownFileType = sourcecode.cpp.cpp; name = moc_ToyActivity.cpp; path = OSCWidgets/moc_ToyActivity.cpp; sourceTree = SOURCE_ROOT; };
		69625E171CD1B6D800DFCD46 /* ToyLabel.cpp */ = {isa = PBXFileReference; fileEncoding = 4; lastKnownFileType = sourcecode.cpp.cpp; name = ToyLabel.cpp; path = OSCWidgets/ToyLabel.cpp; sourceTree = SOURCE_ROOT; };
		69625E181CD1B6D800DFCD46 /* ToyLabel.h */ = {isa = PBXFileReference; fileEncoding = 4; lastKnownFileType = sourcecode.c.h; name = ToyLabel.h; path = OSCWidgets/ToyLabel.h; sourceTree = SOURCE_ROOT; };
		69A527D31C721D50002B7FA1 /* FadeButton.cpp */ = {isa = PBXFileReference; fileEncoding = 4; lastKnownFileType = sourcecode.cpp.cpp; name = FadeButton.cpp; path = OSCWidgets/FadeButton.cpp; sourceTree = SOURCE_ROOT; };
		69A527D41C721D50002B7FA1 /* FadeButton.h */ = {isa = PBXFileReference; fileEncoding = 4; lastKnownFileType = sourcecode.c.h; name = FadeButton.h; path = OSCWidgets/FadeButton.h; sourceTree = SOURCE_ROOT; };
		69A527D51C721D50002B7FA1 /* ToyFlicker.cpp */ = {isa = PBXFileReference; fileEncoding = 4; lastKnownFileType = sourcecode.cpp.cpp; name = ToyFlicker.cpp; path = OSCWidgets/ToyFlicker.cpp; sourceTree = SOURCE_ROOT; };
		69A527D61C721D50002B7FA1 /* ToyFlicker.h */ = {isa = PBXFileReference; fileEncoding = 4; lastKnownFileType = sourcecode.c.h; name = ToyFlicker.h; path = OSCWidgets/ToyFlicker.h; sourceTree = SOURCE_ROOT; };
		69A527DB1C721E2C002B7FA1 /* moc_FadeButton.cpp */ = {isa = PBXFileReference; fileEncoding = 4; lastKnownFileType = sourcecode.cpp.cpp; name = moc_FadeButton.cpp; path = OSCWidgets/moc_FadeButton.cpp; sourceTree = SOURCE_ROOT; };
		69A527DC1C721E2C002B7FA1 /* moc_ToyFlicker.cpp */ = {isa = PBXFileReference; fileEncoding = 4; lastKnownFileType = sourcecode.cpp.cpp; name = moc_ToyFlicker.cpp; path = OSCWidgets/moc_ToyFlicker.cpp; sourceTree = SOURCE_ROOT; };
		69B3CA391CD2C793006D6582 /* EosPlatform_Mac_Bridge.h */ = {isa = PBXFileReference; fileEncoding = 4; lastKnownFileType = sourcecode.c.h; name = EosPlatform_Mac_Bridge.h; path = OSCWidgets/EosPlatform_Mac_Bridge.h; sourceTree = SOURCE_ROOT; };
		69B3CA3A1CD2C793006D6582 /* EosPlatform_Mac_Native.h */ = {isa = PBXFileReference; fileEncoding = 4; lastKnownFileType = sourcecode.c.h; name = EosPlatform_Mac_Native.h; path = OSCWidgets/EosPlatform_Mac_Native.h; sourceTree = SOURCE_ROOT; };
		69B3CA3B1CD2C793006D6582 /* EosPlatform_Mac_Native.mm */ = {isa = PBXFileReference; fileEncoding = 4; lastKnownFileType = sourcecode.cpp.objcpp; name = EosPlatform_Mac_Native.mm; path = OSCWidgets/EosPlatform_Mac_Native.mm; sourceTree = SOURCE_ROOT; };
		69B3CA3C1CD2C793006D6582 /* EosPlatform_Mac.cpp */ = {isa = PBXFileReference; fileEncoding = 4; lastKnownFileType = sourcecode.cpp.cpp; name = EosPlatform_Mac.cpp; path = OSCWidgets/EosPlatform_Mac.cpp; sourceTree = SOURCE_ROOT; };
		69B3CA3D1CD2C793006D6582 /* EosPlatform_Mac.h */ = {isa = PBXFileReference; fileEncoding = 4; lastKnownFileType = sourcecode.c.h; name = EosPlatform_Mac.h; path = OSCWidgets/EosPlatform_Mac.h; sourceTree = SOURCE_ROOT; };
		69B3CA3E1CD2C793006D6582 /* EosPlatform.cpp */ = {isa = PBXFileReference; fileEncoding = 4; lastKnownFileType = sourcecode.cpp.cpp; name = EosPlatform.cpp; path = OSCWidgets/EosPlatform.cpp; sourceTree = SOURCE_ROOT; };
		69B3CA3F1CD2C793006D6582 /* EosPlatform.h */ = {isa = PBXFileReference; fileEncoding = 4; lastKnownFileType = sourcecode.c.h; name = EosPlatform.h; path = OSCWidgets/EosPlatform.h; sourceTree = SOURCE_ROOT; };
		69F843A61CBF421B008F5AF4 /* ToyWindow.cpp */ = {isa = PBXFileReference; fileEncoding = 4; lastKnownFileType = sourcecode.cpp.cpp; name = ToyWindow.cpp; path = OSCWidgets/ToyWindow.cpp; sourceTree = SOURCE_ROOT; };
		69F843A71CBF421B008F5AF4 /* ToyWindow.h */ = {isa = PBXFileReference; fileEncoding = 4; lastKnownFileType = sourcecode.c.h; name = ToyWindow.h; path = OSCWidgets/ToyWindow.h; sourceTree = SOURCE_ROOT; };
		69FD62201CB370F0006A81D8 /* LogFile.cpp */ = {isa = PBXFileReference; fileEncoding = 4; lastKnownFileType = sourcecode.cpp.cpp; name = LogFile.cpp; path = OSCWidgets/LogFile.cpp; sourceTree = SOURCE_ROOT; };
		69FD62211CB370F0006A81D8 /* LogFile.h */ = {isa = PBXFileReference; fileEncoding = 4; lastKnownFileType = sourcecode.c.h; name = LogFile.h; path = OSCWidgets/LogFile.h; sourceTree = SOURCE_ROOT; };
		69FD62221CB370F0006A81D8 /* LogWidget.cpp */ = {isa = PBXFileReference; fileEncoding = 4; lastKnownFileType = sourcecode.cpp.cpp; name = LogWidget.cpp; path = OSCWidgets/LogWidget.cpp; sourceTree = SOURCE_ROOT; };
		69FD62231CB370F0006A81D8 /* LogWidget.h */ = {isa = PBXFileReference; fileEncoding = 4; lastKnownFileType = sourcecode.c.h; name = LogWidget.h; path = OSCWidgets/LogWidget.h; sourceTree = SOURCE_ROOT; };
		69FD62271CB37170006A81D8 /* moc_LogWidget.cpp */ = {isa = PBXFileReference; fileEncoding = 4; lastKnownFileType = sourcecode.cpp.cpp; name = moc_LogWidget.cpp; path = OSCWidgets/moc_LogWidget.cpp; sourceTree = SOURCE_ROOT; };
		72C52627209CFA98006B8CCB /* QtCore.framework */ = {isa = PBXFileReference; lastKnownFileType = wrapper.framework; name = QtCore.framework; path = $HOME/Qt5.6.3/5.6.3/clang_64/lib/QtCore.framework; sourceTree = "<group>"; };
		72C52628209CFA98006B8CCB /* QtGui.framework */ = {isa = PBXFileReference; lastKnownFileType = wrapper.framework; name = QtGui.framework; path = $HOME/Qt5.6.3/5.6.3/clang_64/lib/QtGui.framework; sourceTree = "<group>"; };
		72C52629209CFA98006B8CCB /* QtNetwork.framework */ = {isa = PBXFileReference; lastKnownFileType = wrapper.framework; name = QtNetwork.framework; path = $HOME/Qt5.6.3/5.6.3/clang_64/lib/QtNetwork.framework; sourceTree = "<group>"; };
		72C5262A209CFA98006B8CCB /* QtWidgets.framework */ = {isa = PBXFileReference; lastKnownFileType = wrapper.framework; name = QtWidgets.framework; path = $HOME/Qt5.6.3/5.6.3/clang_64/lib/QtWidgets.framework; sourceTree = "<group>"; };
		971D40941BD1AB7F00661378 /* EditPanel.cpp */ = {isa = PBXFileReference; fileEncoding = 4; lastKnownFileType = sourcecode.cpp.cpp; name = EditPanel.cpp; path = OSCWidgets/EditPanel.cpp; sourceTree = SOURCE_ROOT; };
		971D40951BD1AB7F00661378 /* EditPanel.h */ = {isa = PBXFileReference; fileEncoding = 4; lastKnownFileType = sourcecode.c.h; name = EditPanel.h; path = OSCWidgets/EditPanel.h; sourceTree = SOURCE_ROOT; };
		971D40961BD1AB7F00661378 /* ToyXY.cpp */ = {isa = PBXFileReference; fileEncoding = 4; lastKnownFileType = sourcecode.cpp.cpp; name = ToyXY.cpp; path = OSCWidgets/ToyXY.cpp; sourceTree = SOURCE_ROOT; };
		971D40971BD1AB7F00661378 /* NetworkThreads.cpp */ = {isa = PBXFileReference; fileEncoding = 4; lastKnownFileType = sourcecode.cpp.cpp; name = NetworkThreads.cpp; path = OSCWidgets/NetworkThreads.cpp; sourceTree = SOURCE_ROOT; };
		971D40981BD1AB7F00661378 /* NetworkThreads.h */ = {isa = PBXFileReference; fileEncoding = 4; lastKnownFileType = sourcecode.c.h; name = NetworkThreads.h; path = OSCWidgets/NetworkThreads.h; sourceTree = SOURCE_ROOT; };
		971D40991BD1AB7F00661378 /* SettingsPanel.cpp */ = {isa = PBXFileReference; fileEncoding = 4; lastKnownFileType = sourcecode.cpp.cpp; name = SettingsPanel.cpp; path = OSCWidgets/SettingsPanel.cpp; sourceTree = SOURCE_ROOT; };
		971D409A1BD1AB7F00661378 /* SettingsPanel.h */ = {isa = PBXFileReference; fileEncoding = 4; lastKnownFileType = sourcecode.c.h; name = SettingsPanel.h; path = OSCWidgets/SettingsPanel.h; sourceTree = SOURCE_ROOT; };
		971D409B1BD1AB7F00661378 /* Toy.cpp */ = {isa = PBXFileReference; fileEncoding = 4; lastKnownFileType = sourcecode.cpp.cpp; name = Toy.cpp; path = OSCWidgets/Toy.cpp; sourceTree = SOURCE_ROOT; };
		971D409C1BD1AB7F00661378 /* Toy.h */ = {isa = PBXFileReference; fileEncoding = 4; lastKnownFileType = sourcecode.c.h; name = Toy.h; path = OSCWidgets/Toy.h; sourceTree = SOURCE_ROOT; };
		971D409D1BD1AB7F00661378 /* ToyButton.cpp */ = {isa = PBXFileReference; fileEncoding = 4; lastKnownFileType = sourcecode.cpp.cpp; name = ToyButton.cpp; path = OSCWidgets/ToyButton.cpp; sourceTree = SOURCE_ROOT; };
		971D409E1BD1AB7F00661378 /* ToyButton.h */ = {isa = PBXFileReference; fileEncoding = 4; lastKnownFileType = sourcecode.c.h; name = ToyButton.h; path = OSCWidgets/ToyButton.h; sourceTree = SOURCE_ROOT; };
		971D409F1BD1AB7F00661378 /* ToyCmd.cpp */ = {isa = PBXFileReference; fileEncoding = 4; lastKnownFileType = sourcecode.cpp.cpp; name = ToyCmd.cpp; path = OSCWidgets/ToyCmd.cpp; sourceTree = SOURCE_ROOT; };
		971D40A01BD1AB7F00661378 /* ToyCmd.h */ = {isa = PBXFileReference; fileEncoding = 4; lastKnownFileType = sourcecode.c.h; name = ToyCmd.h; path = OSCWidgets/ToyCmd.h; sourceTree = SOURCE_ROOT; };
		971D40A11BD1AB7F00661378 /* ToyEncoder.cpp */ = {isa = PBXFileReference; fileEncoding = 4; lastKnownFileType = sourcecode.cpp.cpp; name = ToyEncoder.cpp; path = OSCWidgets/ToyEncoder.cpp; sourceTree = SOURCE_ROOT; };
		971D40A21BD1AB7F00661378 /* ToyEncoder.h */ = {isa = PBXFileReference; fileEncoding = 4; lastKnownFileType = sourcecode.c.h; name = ToyEncoder.h; path = OSCWidgets/ToyEncoder.h; sourceTree = SOURCE_ROOT; };
		971D40A31BD1AB7F00661378 /* ToyGrid.cpp */ = {isa = PBXFileReference; fileEncoding = 4; lastKnownFileType = sourcecode.cpp.cpp; name = ToyGrid.cpp; path = OSCWidgets/ToyGrid.cpp; sourceTree = SOURCE_ROOT; };
		971D40A41BD1AB7F00661378 /* ToyGrid.h */ = {isa = PBXFileReference; fileEncoding = 4; lastKnownFileType = sourcecode.c.h; name = ToyGrid.h; path = OSCWidgets/ToyGrid.h; sourceTree = SOURCE_ROOT; };
		971D40A51BD1AB7F00661378 /* ToyMath.h */ = {isa = PBXFileReference; fileEncoding = 4; lastKnownFileType = sourcecode.c.h; name = ToyMath.h; path = OSCWidgets/ToyMath.h; sourceTree = SOURCE_ROOT; };
		971D40A61BD1AB7F00661378 /* ToyMetro.cpp */ = {isa = PBXFileReference; fileEncoding = 4; lastKnownFileType = sourcecode.cpp.cpp; name = ToyMetro.cpp; path = OSCWidgets/ToyMetro.cpp; sourceTree = SOURCE_ROOT; };
		971D40A71BD1AB7F00661378 /* ToyMetro.h */ = {isa = PBXFileReference; fileEncoding = 4; lastKnownFileType = sourcecode.c.h; name = ToyMetro.h; path = OSCWidgets/ToyMetro.h; sourceTree = SOURCE_ROOT; };
		971D40AA1BD1AB7F00661378 /* ToySine.cpp */ = {isa = PBXFileReference; fileEncoding = 4; lastKnownFileType = sourcecode.cpp.cpp; name = ToySine.cpp; path = OSCWidgets/ToySine.cpp; sourceTree = SOURCE_ROOT; };
		971D40AB1BD1AB7F00661378 /* ToySine.h */ = {isa = PBXFileReference; fileEncoding = 4; lastKnownFileType = sourcecode.c.h; name = ToySine.h; path = OSCWidgets/ToySine.h; sourceTree = SOURCE_ROOT; };
		971D40AC1BD1AB7F00661378 /* ToySlider.cpp */ = {isa = PBXFileReference; fileEncoding = 4; lastKnownFileType = sourcecode.cpp.cpp; name = ToySlider.cpp; path = OSCWidgets/ToySlider.cpp; sourceTree = SOURCE_ROOT; };
		971D40AD1BD1AB7F00661378 /* ToySlider.h */ = {isa = PBXFileReference; fileEncoding = 4; lastKnownFileType = sourcecode.c.h; name = ToySlider.h; path = OSCWidgets/ToySlider.h; sourceTree = SOURCE_ROOT; };
		971D40AE1BD1AB7F00661378 /* ToyWidget.cpp */ = {isa = PBXFileReference; fileEncoding = 4; lastKnownFileType = sourcecode.cpp.cpp; name = ToyWidget.cpp; path = OSCWidgets/ToyWidget.cpp; sourceTree = SOURCE_ROOT; };
		971D40AF1BD1AB7F00661378 /* ToyWidget.h */ = {isa = PBXFileReference; fileEncoding = 4; lastKnownFileType = sourcecode.c.h; name = ToyWidget.h; path = OSCWidgets/ToyWidget.h; sourceTree = SOURCE_ROOT; };
		971D40B01BD1AB7F00661378 /* ToyXY.h */ = {isa = PBXFileReference; fileEncoding = 4; lastKnownFileType = sourcecode.c.h; name = ToyXY.h; path = OSCWidgets/ToyXY.h; sourceTree = SOURCE_ROOT; };
		971D40CD1BD1AF3D00661378 /* moc_EditPanel.cpp */ = {isa = PBXFileReference; fileEncoding = 4; lastKnownFileType = sourcecode.cpp.cpp; name = moc_EditPanel.cpp; path = OSCWidgets/moc_EditPanel.cpp; sourceTree = SOURCE_ROOT; };
		971D40CE1BD1AF3D00661378 /* moc_SettingsPanel.cpp */ = {isa = PBXFileReference; fileEncoding = 4; lastKnownFileType = sourcecode.cpp.cpp; name = moc_SettingsPanel.cpp; path = OSCWidgets/moc_SettingsPanel.cpp; sourceTree = SOURCE_ROOT; };
		971D40CF1BD1AF3D00661378 /* moc_Toy.cpp */ = {isa = PBXFileReference; fileEncoding = 4; lastKnownFileType = sourcecode.cpp.cpp; name = moc_Toy.cpp; path = OSCWidgets/moc_Toy.cpp; sourceTree = SOURCE_ROOT; };
		971D40D01BD1AF3D00661378 /* moc_ToyButton.cpp */ = {isa = PBXFileReference; fileEncoding = 4; lastKnownFileType = sourcecode.cpp.cpp; name = moc_ToyButton.cpp; path = OSCWidgets/moc_ToyButton.cpp; sourceTree = SOURCE_ROOT; };
		971D40D11BD1AF3D00661378 /* moc_ToyCmd.cpp */ = {isa = PBXFileReference; fileEncoding = 4; lastKnownFileType = sourcecode.cpp.cpp; name = moc_ToyCmd.cpp; path = OSCWidgets/moc_ToyCmd.cpp; sourceTree = SOURCE_ROOT; };
		971D40D21BD1AF3D00661378 /* moc_ToyEncoder.cpp */ = {isa = PBXFileReference; fileEncoding = 4; lastKnownFileType = sourcecode.cpp.cpp; name = moc_ToyEncoder.cpp; path = OSCWidgets/moc_ToyEncoder.cpp; sourceTree = SOURCE_ROOT; };
		971D40D31BD1AF3D00661378 /* moc_ToyGrid.cpp */ = {isa = PBXFileReference; fileEncoding = 4; lastKnownFileType = sourcecode.cpp.cpp; name = moc_ToyGrid.cpp; path = OSCWidgets/moc_ToyGrid.cpp; sourceTree = SOURCE_ROOT; };
		971D40D41BD1AF3D00661378 /* moc_ToyMetro.cpp */ = {isa = PBXFileReference; fileEncoding = 4; lastKnownFileType = sourcecode.cpp.cpp; name = moc_ToyMetro.cpp; path = OSCWidgets/moc_ToyMetro.cpp; sourceTree = SOURCE_ROOT; };
		971D40D61BD1AF3D00661378 /* moc_ToySine.cpp */ = {isa = PBXFileReference; fileEncoding = 4; lastKnownFileType = sourcecode.cpp.cpp; name = moc_ToySine.cpp; path = OSCWidgets/moc_ToySine.cpp; sourceTree = SOURCE_ROOT; };
		971D40D71BD1AF3D00661378 /* moc_ToySlider.cpp */ = {isa = PBXFileReference; fileEncoding = 4; lastKnownFileType = sourcecode.cpp.cpp; name = moc_ToySlider.cpp; path = OSCWidgets/moc_ToySlider.cpp; sourceTree = SOURCE_ROOT; };
		971D40D81BD1AF3D00661378 /* moc_ToyWidget.cpp */ = {isa = PBXFileReference; fileEncoding = 4; lastKnownFileType = sourcecode.cpp.cpp; name = moc_ToyWidget.cpp; path = OSCWidgets/moc_ToyWidget.cpp; sourceTree = SOURCE_ROOT; };
		971D40D91BD1AF3D00661378 /* moc_ToyXY.cpp */ = {isa = PBXFileReference; fileEncoding = 4; lastKnownFileType = sourcecode.cpp.cpp; name = moc_ToyXY.cpp; path = OSCWidgets/moc_ToyXY.cpp; sourceTree = SOURCE_ROOT; };
		9730C2E51AB7C0230039899F /* moc_MainWindow.cpp */ = {isa = PBXFileReference; fileEncoding = 4; lastKnownFileType = sourcecode.cpp.cpp; name = moc_MainWindow.cpp; path = OSCWidgets/moc_MainWindow.cpp; sourceTree = SOURCE_ROOT; };
		9730C2EB1AB7C1CE0039899F /* eos.icns */ = {isa = PBXFileReference; lastKnownFileType = image.icns; path = eos.icns; sourceTree = SOURCE_ROOT; };
		9766D43F1BD9E3D3005BF988 /* ToyPedal.cpp */ = {isa = PBXFileReference; fileEncoding = 4; lastKnownFileType = sourcecode.cpp.cpp; name = ToyPedal.cpp; path = OSCWidgets/ToyPedal.cpp; sourceTree = SOURCE_ROOT; };
		9766D4401BD9E3D3005BF988 /* ToyPedal.h */ = {isa = PBXFileReference; fileEncoding = 4; lastKnownFileType = sourcecode.c.h; name = ToyPedal.h; path = OSCWidgets/ToyPedal.h; sourceTree = SOURCE_ROOT; };
		9766D4411BD9E3D3005BF988 /* Utils.cpp */ = {isa = PBXFileReference; fileEncoding = 4; lastKnownFileType = sourcecode.cpp.cpp; name = Utils.cpp; path = OSCWidgets/Utils.cpp; sourceTree = SOURCE_ROOT; };
		9766D4421BD9E3D3005BF988 /* Utils.h */ = {isa = PBXFileReference; fileEncoding = 4; lastKnownFileType = sourcecode.c.h; name = Utils.h; path = OSCWidgets/Utils.h; sourceTree = SOURCE_ROOT; };
		9766D4451BD9E460005BF988 /* moc_ToyPedal.cpp */ = {isa = PBXFileReference; fileEncoding = 4; lastKnownFileType = sourcecode.cpp.cpp; name = moc_ToyPedal.cpp; path = OSCWidgets/moc_ToyPedal.cpp; sourceTree = SOURCE_ROOT; };
		979091D51B1912D400E4291B /* EosUdp_Mac.cpp */ = {isa = PBXFileReference; fileEncoding = 4; lastKnownFileType = sourcecode.cpp.cpp; name = EosUdp_Mac.cpp; path = ../EosSyncLib/EosSyncLib/EosUdp_Mac.cpp; sourceTree = SOURCE_ROOT; };
		979091D61B1912D400E4291B /* EosUdp_Mac.h */ = {isa = PBXFileReference; fileEncoding = 4; lastKnownFileType = sourcecode.c.h; name = EosUdp_Mac.h; path = ../EosSyncLib/EosSyncLib/EosUdp_Mac.h; sourceTree = SOURCE_ROOT; };
		979091D71B1912D400E4291B /* EosUdp.cpp */ = {isa = PBXFileReference; fileEncoding = 4; lastKnownFileType = sourcecode.cpp.cpp; name = EosUdp.cpp; path = ../EosSyncLib/EosSyncLib/EosUdp.cpp; sourceTree = "<group>"; };
		979091D81B1912D400E4291B /* EosUdp.h */ = {isa = PBXFileReference; fileEncoding = 4; lastKnownFileType = sourcecode.c.h; name = EosUdp.h; path = ../EosSyncLib/EosSyncLib/EosUdp.h; sourceTree = "<group>"; };
		97BD426B1BAA702B00F534CC /* OSCWidgets.qrc.cpp */ = {isa = PBXFileReference; fileEncoding = 4; lastKnownFileType = sourcecode.cpp.cpp; name = OSCWidgets.qrc.cpp; path = OSCWidgets/OSCWidgets.qrc.cpp; sourceTree = SOURCE_ROOT; };
		97E1372C1AB289DC0056BE05 /* OSCWidgets.app */ = {isa = PBXFileReference; explicitFileType = wrapper.application; includeInIndex = 0; path = OSCWidgets.app; sourceTree = BUILT_PRODUCTS_DIR; };
		97E137331AB28C3A0056BE05 /* main.cpp */ = {isa = PBXFileReference; fileEncoding = 4; lastKnownFileType = sourcecode.cpp.cpp; name = main.cpp; path = OSCWidgets/main.cpp; sourceTree = SOURCE_ROOT; };
		97E137341AB28C3A0056BE05 /* MainWindow.cpp */ = {isa = PBXFileReference; fileEncoding = 4; lastKnownFileType = sourcecode.cpp.cpp; name = MainWindow.cpp; path = OSCWidgets/MainWindow.cpp; sourceTree = SOURCE_ROOT; };
		97E137351AB28C3A0056BE05 /* MainWindow.h */ = {isa = PBXFileReference; fileEncoding = 4; lastKnownFileType = sourcecode.c.h; name = MainWindow.h; path = OSCWidgets/MainWindow.h; sourceTree = SOURCE_ROOT; };
		97E137361AB28C3A0056BE05 /* QtInclude.h */ = {isa = PBXFileReference; fileEncoding = 4; lastKnownFileType = sourcecode.c.h; name = QtInclude.h; path = OSCWidgets/QtInclude.h; sourceTree = SOURCE_ROOT; };
		97E1373A1AB28C720056BE05 /* EosLog.cpp */ = {isa = PBXFileReference; fileEncoding = 4; lastKnownFileType = sourcecode.cpp.cpp; name = EosLog.cpp; path = ../EosSyncLib/EosSyncLib/EosLog.cpp; sourceTree = SOURCE_ROOT; };
		97E1373B1AB28C720056BE05 /* EosLog.h */ = {isa = PBXFileReference; fileEncoding = 4; lastKnownFileType = sourcecode.c.h; name = EosLog.h; path = ../EosSyncLib/EosSyncLib/EosLog.h; sourceTree = SOURCE_ROOT; };
		97E1373C1AB28C720056BE05 /* EosOsc.cpp */ = {isa = PBXFileReference; fileEncoding = 4; lastKnownFileType = sourcecode.cpp.cpp; name = EosOsc.cpp; path = ../EosSyncLib/EosSyncLib/EosOsc.cpp; sourceTree = SOURCE_ROOT; };
		97E1373D1AB28C720056BE05 /* EosOsc.h */ = {isa = PBXFileReference; fileEncoding = 4; lastKnownFileType = sourcecode.c.h; name = EosOsc.h; path = ../EosSyncLib/EosSyncLib/EosOsc.h; sourceTree = SOURCE_ROOT; };
		97E1373E1AB28C720056BE05 /* EosSyncLib.cpp */ = {isa = PBXFileReference; fileEncoding = 4; lastKnownFileType = sourcecode.cpp.cpp; name = EosSyncLib.cpp; path = ../EosSyncLib/EosSyncLib/EosSyncLib.cpp; sourceTree = SOURCE_ROOT; };
		97E1373F1AB28C720056BE05 /* EosSyncLib.h */ = {isa = PBXFileReference; fileEncoding = 4; lastKnownFileType = sourcecode.c.h; name = EosSyncLib.h; path = ../EosSyncLib/EosSyncLib/EosSyncLib.h; sourceTree = SOURCE_ROOT; };
		97E137401AB28C720056BE05 /* EosTcp_Mac.cpp */ = {isa = PBXFileReference; fileEncoding = 4; lastKnownFileType = sourcecode.cpp.cpp; name = EosTcp_Mac.cpp; path = ../EosSyncLib/EosSyncLib/EosTcp_Mac.cpp; sourceTree = SOURCE_ROOT; };
		97E137411AB28C720056BE05 /* EosTcp_Mac.h */ = {isa = PBXFileReference; fileEncoding = 4; lastKnownFileType = sourcecode.c.h; name = EosTcp_Mac.h; path = ../EosSyncLib/EosSyncLib/EosTcp_Mac.h; sourceTree = SOURCE_ROOT; };
		97E137421AB28C720056BE05 /* EosTcp.cpp */ = {isa = PBXFileReference; fileEncoding = 4; lastKnownFileType = sourcecode.cpp.cpp; name = EosTcp.cpp; path = ../EosSyncLib/EosSyncLib/EosTcp.cpp; sourceTree = SOURCE_ROOT; };
		97E137431AB28C720056BE05 /* EosTcp.h */ = {isa = PBXFileReference; fileEncoding = 4; lastKnownFileType = sourcecode.c.h; name = EosTcp.h; path = ../EosSyncLib/EosSyncLib/EosTcp.h; sourceTree = SOURCE_ROOT; };
		97E137441AB28C720056BE05 /* EosTimer.cpp */ = {isa = PBXFileReference; fileEncoding = 4; lastKnownFileType = sourcecode.cpp.cpp; name = EosTimer.cpp; path = ../EosSyncLib/EosSyncLib/EosTimer.cpp; sourceTree = SOURCE_ROOT; };
		97E137451AB28C720056BE05 /* EosTimer.h */ = {isa = PBXFileReference; fileEncoding = 4; lastKnownFileType = sourcecode.c.h; name = EosTimer.h; path = ../EosSyncLib/EosSyncLib/EosTimer.h; sourceTree = SOURCE_ROOT; };
		97E137461AB28C720056BE05 /* OSCParser.cpp */ = {isa = PBXFileReference; fileEncoding = 4; lastKnownFileType = sourcecode.cpp.cpp; name = OSCParser.cpp; path = ../EosSyncLib/EosSyncLib/OSCParser.cpp; sourceTree = SOURCE_ROOT; };
		97E137471AB28C720056BE05 /* OSCParser.h */ = {isa = PBXFileReference; fileEncoding = 4; lastKnownFileType = sourcecode.c.h; name = OSCParser.h; path = ../EosSyncLib/EosSyncLib/OSCParser.h; sourceTree = SOURCE_ROOT; };
		97E1374F1AB28E0C0056BE05 /* QtCore.framework */ = {isa = PBXFileReference; lastKnownFileType = wrapper.framework; name = QtCore.framework; path = /Library/Frameworks/QtCore.framework; sourceTree = "<absolute>"; };
		97E137501AB28E0C0056BE05 /* QtGui.framework */ = {isa = PBXFileReference; lastKnownFileType = wrapper.framework; name = QtGui.framework; path = /Library/Frameworks/QtGui.framework; sourceTree = "<absolute>"; };
		97E137511AB28E0C0056BE05 /* QtNetwork.framework */ = {isa = PBXFileReference; lastKnownFileType = wrapper.framework; name = QtNetwork.framework; path = /Library/Frameworks/QtNetwork.framework; sourceTree = "<absolute>"; };
		97FE38511B7FB56400B5DE7E /* Toys.cpp */ = {isa = PBXFileReference; fileEncoding = 4; lastKnownFileType = sourcecode.cpp.cpp; name = Toys.cpp; path = OSCWidgets/Toys.cpp; sourceTree = SOURCE_ROOT; };
		97FE38521B7FB56400B5DE7E /* Toys.h */ = {isa = PBXFileReference; fileEncoding = 4; lastKnownFileType = sourcecode.c.h; name = Toys.h; path = OSCWidgets/Toys.h; sourceTree = SOURCE_ROOT; };
		97FE38551B7FC38100B5DE7E /* moc_Toys.cpp */ = {isa = PBXFileReference; fileEncoding = 4; lastKnownFileType = sourcecode.cpp.cpp; name = moc_Toys.cpp; path = OSCWidgets/moc_Toys.cpp; sourceTree = SOURCE_ROOT; };
/* End PBXFileReference section */

/* Begin PBXFrameworksBuildPhase section */
		2A1043669E6E5A7426EA502A /* Frameworks & Libraries */ = {
			isa = PBXFrameworksBuildPhase;
			buildActionMask = 2147483647;
			files = (
				72C5262B209CFA98006B8CCB /* QtCore.framework in Frameworks & Libraries */,
				72C5262C209CFA98006B8CCB /* QtGui.framework in Frameworks & Libraries */,
				72C5262D209CFA98006B8CCB /* QtNetwork.framework in Frameworks & Libraries */,
				72C5262E209CFA98006B8CCB /* QtWidgets.framework in Frameworks & Libraries */,
			);
			name = "Frameworks & Libraries";
			runOnlyForDeploymentPostprocessing = 0;
		};
/* End PBXFrameworksBuildPhase section */

/* Begin PBXGroup section */
		05596AB53D8D521C69802C27 /* OSCWidgets */ = {
			isa = PBXGroup;
			children = (
				97E137301AB28C0D0056BE05 /* EosSyncLib */,
				97E137311AB28C1A0056BE05 /* OSCWidgets */,
				72C52626209CFA98006B8CCB /* Frameworks */,
			);
			name = OSCWidgets;
			sourceTree = "<unknown>";
		};
		72C52626209CFA98006B8CCB /* Frameworks */ = {
			isa = PBXGroup;
			children = (
				72C52627209CFA98006B8CCB /* QtCore.framework */,
				72C52628209CFA98006B8CCB /* QtGui.framework */,
				72C52629209CFA98006B8CCB /* QtNetwork.framework */,
				72C5262A209CFA98006B8CCB /* QtWidgets.framework */,
			);
			name = Frameworks;
			sourceTree = "<group>";
		};
		971D40BF1BD1AB8800661378 /* moc */ = {
			isa = PBXGroup;
			children = (
				971D40CD1BD1AF3D00661378 /* moc_EditPanel.cpp */,
				69A527DB1C721E2C002B7FA1 /* moc_FadeButton.cpp */,
				69FD62271CB37170006A81D8 /* moc_LogWidget.cpp */,
				9730C2E51AB7C0230039899F /* moc_MainWindow.cpp */,
				971D40CE1BD1AF3D00661378 /* moc_SettingsPanel.cpp */,
				971D40CF1BD1AF3D00661378 /* moc_Toy.cpp */,
				695301671C9CB4F5001CA235 /* moc_ToyActivity.cpp */,
				971D40D01BD1AF3D00661378 /* moc_ToyButton.cpp */,
				971D40D11BD1AF3D00661378 /* moc_ToyCmd.cpp */,
				971D40D21BD1AF3D00661378 /* moc_ToyEncoder.cpp */,
				69A527DC1C721E2C002B7FA1 /* moc_ToyFlicker.cpp */,
				971D40D31BD1AF3D00661378 /* moc_ToyGrid.cpp */,
				971D40D41BD1AF3D00661378 /* moc_ToyMetro.cpp */,
				9766D4451BD9E460005BF988 /* moc_ToyPedal.cpp */,
				97FE38551B7FC38100B5DE7E /* moc_Toys.cpp */,
				971D40D61BD1AF3D00661378 /* moc_ToySine.cpp */,
				971D40D71BD1AF3D00661378 /* moc_ToySlider.cpp */,
				971D40D81BD1AF3D00661378 /* moc_ToyWidget.cpp */,
				69283AE51CC0373D00F2F31C /* moc_ToyWindow.cpp */,
				971D40D91BD1AF3D00661378 /* moc_ToyXY.cpp */,
			);
			name = moc;
			sourceTree = "<group>";
		};
		9730C2EA1AB7C1C00039899F /* Resources */ = {
			isa = PBXGroup;
			children = (
				9730C2EB1AB7C1CE0039899F /* eos.icns */,
			);
			name = Resources;
			sourceTree = "<group>";
		};
		97E1372D1AB289DC0056BE05 /* Products */ = {
			isa = PBXGroup;
			children = (
				97E1372C1AB289DC0056BE05 /* OSCWidgets.app */,
			);
			name = Products;
			sourceTree = "<group>";
		};
		97E137301AB28C0D0056BE05 /* EosSyncLib */ = {
			isa = PBXGroup;
			children = (
				97E137391AB28C400056BE05 /* Sources */,
			);
			name = EosSyncLib;
			sourceTree = "<group>";
		};
		97E137311AB28C1A0056BE05 /* OSCWidgets */ = {
			isa = PBXGroup;
			children = (
				97E137581AB291620056BE05 /* Frameworks */,
				97E1372D1AB289DC0056BE05 /* Products */,
				9730C2EA1AB7C1C00039899F /* Resources */,
				97E137321AB28C2A0056BE05 /* Sources */,
			);
			name = OSCWidgets;
			sourceTree = "<group>";
		};
		97E137321AB28C2A0056BE05 /* Sources */ = {
			isa = PBXGroup;
			children = (
				971D40BF1BD1AB8800661378 /* moc */,
				971D40941BD1AB7F00661378 /* EditPanel.cpp */,
				971D40951BD1AB7F00661378 /* EditPanel.h */,
				69B3CA391CD2C793006D6582 /* EosPlatform_Mac_Bridge.h */,
				69B3CA3A1CD2C793006D6582 /* EosPlatform_Mac_Native.h */,
				69B3CA3B1CD2C793006D6582 /* EosPlatform_Mac_Native.mm */,
				69B3CA3C1CD2C793006D6582 /* EosPlatform_Mac.cpp */,
				69B3CA3D1CD2C793006D6582 /* EosPlatform_Mac.h */,
				69B3CA3E1CD2C793006D6582 /* EosPlatform.cpp */,
				69B3CA3F1CD2C793006D6582 /* EosPlatform.h */,
				69A527D31C721D50002B7FA1 /* FadeButton.cpp */,
				69A527D41C721D50002B7FA1 /* FadeButton.h */,
				69FD62201CB370F0006A81D8 /* LogFile.cpp */,
				69FD62211CB370F0006A81D8 /* LogFile.h */,
				69FD62221CB370F0006A81D8 /* LogWidget.cpp */,
				69FD62231CB370F0006A81D8 /* LogWidget.h */,
				97E137331AB28C3A0056BE05 /* main.cpp */,
				97E137341AB28C3A0056BE05 /* MainWindow.cpp */,
				97E137351AB28C3A0056BE05 /* MainWindow.h */,
				971D40971BD1AB7F00661378 /* NetworkThreads.cpp */,
				971D40981BD1AB7F00661378 /* NetworkThreads.h */,
				97BD426B1BAA702B00F534CC /* OSCWidgets.qrc.cpp */,
				97E137361AB28C3A0056BE05 /* QtInclude.h */,
				971D40991BD1AB7F00661378 /* SettingsPanel.cpp */,
				971D409A1BD1AB7F00661378 /* SettingsPanel.h */,
				971D409B1BD1AB7F00661378 /* Toy.cpp */,
				971D409C1BD1AB7F00661378 /* Toy.h */,
				695301631C9CB459001CA235 /* ToyActivity.cpp */,
				695301641C9CB459001CA235 /* ToyActivity.h */,
				971D409D1BD1AB7F00661378 /* ToyButton.cpp */,
				971D409E1BD1AB7F00661378 /* ToyButton.h */,
				971D409F1BD1AB7F00661378 /* ToyCmd.cpp */,
				971D40A01BD1AB7F00661378 /* ToyCmd.h */,
				971D40A11BD1AB7F00661378 /* ToyEncoder.cpp */,
				971D40A21BD1AB7F00661378 /* ToyEncoder.h */,
				69A527D51C721D50002B7FA1 /* ToyFlicker.cpp */,
				69A527D61C721D50002B7FA1 /* ToyFlicker.h */,
				971D40A31BD1AB7F00661378 /* ToyGrid.cpp */,
				971D40A41BD1AB7F00661378 /* ToyGrid.h */,
				69625E171CD1B6D800DFCD46 /* ToyLabel.cpp */,
				69625E181CD1B6D800DFCD46 /* ToyLabel.h */,
				971D40A51BD1AB7F00661378 /* ToyMath.h */,
				971D40A61BD1AB7F00661378 /* ToyMetro.cpp */,
				971D40A71BD1AB7F00661378 /* ToyMetro.h */,
				9766D43F1BD9E3D3005BF988 /* ToyPedal.cpp */,
				9766D4401BD9E3D3005BF988 /* ToyPedal.h */,
				97FE38511B7FB56400B5DE7E /* Toys.cpp */,
				97FE38521B7FB56400B5DE7E /* Toys.h */,
				971D40AA1BD1AB7F00661378 /* ToySine.cpp */,
				971D40AB1BD1AB7F00661378 /* ToySine.h */,
				971D40AC1BD1AB7F00661378 /* ToySlider.cpp */,
				971D40AD1BD1AB7F00661378 /* ToySlider.h */,
				971D40AE1BD1AB7F00661378 /* ToyWidget.cpp */,
				971D40AF1BD1AB7F00661378 /* ToyWidget.h */,
				69F843A61CBF421B008F5AF4 /* ToyWindow.cpp */,
				69F843A71CBF421B008F5AF4 /* ToyWindow.h */,
				971D40961BD1AB7F00661378 /* ToyXY.cpp */,
				971D40B01BD1AB7F00661378 /* ToyXY.h */,
				9766D4411BD9E3D3005BF988 /* Utils.cpp */,
				9766D4421BD9E3D3005BF988 /* Utils.h */,
			);
			name = Sources;
			sourceTree = "<group>";
		};
		97E137391AB28C400056BE05 /* Sources */ = {
			isa = PBXGroup;
			children = (
				979091D51B1912D400E4291B /* EosUdp_Mac.cpp */,
				979091D61B1912D400E4291B /* EosUdp_Mac.h */,
				979091D71B1912D400E4291B /* EosUdp.cpp */,
				979091D81B1912D400E4291B /* EosUdp.h */,
				97E1373A1AB28C720056BE05 /* EosLog.cpp */,
				97E1373B1AB28C720056BE05 /* EosLog.h */,
				97E1373C1AB28C720056BE05 /* EosOsc.cpp */,
				97E1373D1AB28C720056BE05 /* EosOsc.h */,
				97E1373E1AB28C720056BE05 /* EosSyncLib.cpp */,
				97E1373F1AB28C720056BE05 /* EosSyncLib.h */,
				97E137401AB28C720056BE05 /* EosTcp_Mac.cpp */,
				97E137411AB28C720056BE05 /* EosTcp_Mac.h */,
				97E137421AB28C720056BE05 /* EosTcp.cpp */,
				97E137431AB28C720056BE05 /* EosTcp.h */,
				97E137441AB28C720056BE05 /* EosTimer.cpp */,
				97E137451AB28C720056BE05 /* EosTimer.h */,
				97E137461AB28C720056BE05 /* OSCParser.cpp */,
				97E137471AB28C720056BE05 /* OSCParser.h */,
			);
			name = Sources;
			sourceTree = "<group>";
		};
		97E137581AB291620056BE05 /* Frameworks */ = {
			isa = PBXGroup;
			children = (
				97E1374F1AB28E0C0056BE05 /* QtCore.framework */,
				97E137501AB28E0C0056BE05 /* QtGui.framework */,
				97E137511AB28E0C0056BE05 /* QtNetwork.framework */,
			);
			name = Frameworks;
			sourceTree = "<group>";
		};
/* End PBXGroup section */

/* Begin PBXNativeTarget section */
		2A117425011F346368EBD065 /* OSCWidgets */ = {
			isa = PBXNativeTarget;
			buildConfigurationList = 17B3380A4D6A7D415E7F2E1E /* Build configuration list for PBXNativeTarget "OSCWidgets" */;
			buildPhases = (
				971D40C01BD1AC0B00661378 /* moc EditPanel */,
				97E137551AB28E930056BE05 /* moc MainWindow */,
				971D40C11BD1AC8100661378 /* moc SettingsPanel */,
				971D40C21BD1ACC500661378 /* moc Toy */,
				695301661C9CB474001CA235 /* moc ToyActivity */,
				971D40C31BD1ACFB00661378 /* moc ToyButton */,
				971D40C41BD1AD3500661378 /* moc ToyCmd */,
				971D40C51BD1AD8100661378 /* moc ToyEncoder */,
				69A527DA1C721DB9002B7FA1 /* moc FadeButton */,
				69A527D91C721D76002B7FA1 /* moc ToyFlicker */,
				971D40C61BD1ADBC00661378 /* moc ToyGrid */,
				69FD62261CB37104006A81D8 /* moc LogWidget */,
				971D40C71BD1ADE700661378 /* moc ToyMetro */,
				971D40C81BD1AE1500661378 /* moc ToyPedal */,
				97FE38541B7FC33500B5DE7E /* moc Toys */,
				971D40C91BD1AE5600661378 /* moc ToySine */,
				971D40CA1BD1AE8900661378 /* moc ToySlider */,
				971D40CB1BD1AEBE00661378 /* moc ToyWidget */,
				69283AE41CC0370000F2F31C /* moc ToyWindow */,
				971D40CC1BD1AEF600661378 /* moc ToyXY */,
				C29B8785722055ED95EF7B57 /* Build Sources */,
				2A1043669E6E5A7426EA502A /* Frameworks & Libraries */,
				3787F99312C85FF0073FD7BA /* Bundle Resources */,
				9730C2E91AB7C0BB0039899F /* Bundle Frameworks */,
			);
			buildRules = (
			);
			dependencies = (
			);
			name = OSCWidgets;
			productName = OSCWidgets;
			productReference = 97E1372C1AB289DC0056BE05 /* OSCWidgets.app */;
			productType = "com.apple.product-type.application";
		};
/* End PBXNativeTarget section */

/* Begin PBXProject section */
		91B15E841AA80083484172DE /* Project object */ = {
			isa = PBXProject;
			attributes = {
				LastUpgradeCheck = 0830;
			};
			buildConfigurationList = CC82A9286117DFED018F418F /* Build configuration list for PBXProject "OSCWidgets" */;
			compatibilityVersion = "Xcode 3.2";
			developmentRegion = English;
			hasScannedForEncodings = 1;
			knownRegions = (
				en,
			);
			mainGroup = 05596AB53D8D521C69802C27 /* OSCWidgets */;
			productRefGroup = 97E1372D1AB289DC0056BE05 /* Products */;
			projectDirPath = "";
			projectRoot = "";
			targets = (
				2A117425011F346368EBD065 /* OSCWidgets */,
			);
		};
/* End PBXProject section */

/* Begin PBXResourcesBuildPhase section */
		3787F99312C85FF0073FD7BA /* Bundle Resources */ = {
			isa = PBXResourcesBuildPhase;
			buildActionMask = 2147483647;
			files = (
				9730C2EC1AB7C1CE0039899F /* eos.icns in Bundle Resources */,
			);
			name = "Bundle Resources";
			runOnlyForDeploymentPostprocessing = 0;
		};
/* End PBXResourcesBuildPhase section */

/* Begin PBXShellScriptBuildPhase section */
		69283AE41CC0370000F2F31C /* moc ToyWindow */ = {
			isa = PBXShellScriptBuildPhase;
			buildActionMask = 2147483647;
			files = (
			);
			inputPaths = (
				OSCWidgets/ToyWindow.h,
			);
			name = "moc ToyWindow";
			outputPaths = (
				OSCWidgets/moc_ToyWindow.cpp,
			);
			runOnlyForDeploymentPostprocessing = 0;
			shellPath = /bin/sh;
			shellScript = "~/Qt5.6.3/5.6.3/clang_64/bin/moc OSCWidgets/ToyWindow.h -o OSCWidgets/moc_ToyWindow.cpp";
		};
		695301661C9CB474001CA235 /* moc ToyActivity */ = {
			isa = PBXShellScriptBuildPhase;
			buildActionMask = 2147483647;
			files = (
			);
			inputPaths = (
				OSCWidgets/ToyActivity.h,
			);
			name = "moc ToyActivity";
			outputPaths = (
				OSCWidgets/moc_ToyActivity.cpp,
			);
			runOnlyForDeploymentPostprocessing = 0;
			shellPath = /bin/sh;
			shellScript = "~/Qt5.6.3/5.6.3/clang_64/bin/moc OSCWidgets/ToyActivity.h -o OSCWidgets/moc_ToyActivity.cpp";
		};
		69A527D91C721D76002B7FA1 /* moc ToyFlicker */ = {
			isa = PBXShellScriptBuildPhase;
			buildActionMask = 2147483647;
			files = (
			);
			inputPaths = (
				OSCWidgets/ToyFlicker.h,
			);
			name = "moc ToyFlicker";
			outputPaths = (
				OSCWidgets/moc_ToyFlicker.cpp,
			);
			runOnlyForDeploymentPostprocessing = 0;
			shellPath = /bin/sh;
			shellScript = "~/Qt5.6.3/5.6.3/clang_64/bin/moc OSCWidgets/ToyFlicker.h -o OSCWidgets/moc_ToyFlicker.cpp";
		};
		69A527DA1C721DB9002B7FA1 /* moc FadeButton */ = {
			isa = PBXShellScriptBuildPhase;
			buildActionMask = 2147483647;
			files = (
			);
			inputPaths = (
				OSCWidgets/FadeButton.h,
			);
			name = "moc FadeButton";
			outputPaths = (
				OSCWidgets/moc_FadeButton.cpp,
			);
			runOnlyForDeploymentPostprocessing = 0;
			shellPath = /bin/sh;
			shellScript = "~/Qt5.6.3/5.6.3/clang_64/bin/moc OSCWidgets/FadeButton.h -o OSCWidgets/moc_FadeButton.cpp";
		};
		69FD62261CB37104006A81D8 /* moc LogWidget */ = {
			isa = PBXShellScriptBuildPhase;
			buildActionMask = 2147483647;
			files = (
			);
			inputPaths = (
				OSCWidgets/LogWidget.h,
			);
			name = "moc LogWidget";
			outputPaths = (
				OSCWidgets/moc_LogWidget.cpp,
			);
			runOnlyForDeploymentPostprocessing = 0;
			shellPath = /bin/sh;
			shellScript = "~/Qt5.6.3/5.6.3/clang_64/bin/moc OSCWidgets/LogWidget.h -o OSCWidgets/moc_LogWidget.cpp";
		};
		971D40C01BD1AC0B00661378 /* moc EditPanel */ = {
			isa = PBXShellScriptBuildPhase;
			buildActionMask = 2147483647;
			files = (
			);
			inputPaths = (
				OSCWidgets/EditPanel.h,
			);
			name = "moc EditPanel";
			outputPaths = (
				OSCWidgets/moc_EditPanel.cpp,
			);
			runOnlyForDeploymentPostprocessing = 0;
			shellPath = /bin/sh;
			shellScript = "~/Qt5.6.3/5.6.3/clang_64/bin/moc OSCWidgets/EditPanel.h -o OSCWidgets/moc_EditPanel.cpp";
		};
		971D40C11BD1AC8100661378 /* moc SettingsPanel */ = {
			isa = PBXShellScriptBuildPhase;
			buildActionMask = 2147483647;
			files = (
			);
			inputPaths = (
				OSCWidgets/SettingsPanel.h,
			);
			name = "moc SettingsPanel";
			outputPaths = (
				OSCWidgets/moc_SettingsPanel.cpp,
			);
			runOnlyForDeploymentPostprocessing = 0;
			shellPath = /bin/sh;
			shellScript = "~/Qt5.6.3/5.6.3/clang_64/bin/moc OSCWidgets/SettingsPanel.h -o OSCWidgets/moc_SettingsPanel.cpp";
		};
		971D40C21BD1ACC500661378 /* moc Toy */ = {
			isa = PBXShellScriptBuildPhase;
			buildActionMask = 2147483647;
			files = (
			);
			inputPaths = (
				OSCWidgets/Toy.h,
			);
			name = "moc Toy";
			outputPaths = (
				OSCWidgets/moc_Toy.cpp,
			);
			runOnlyForDeploymentPostprocessing = 0;
			shellPath = /bin/sh;
			shellScript = "~/Qt5.6.3/5.6.3/clang_64/bin/moc OSCWidgets/Toy.h -o OSCWidgets/moc_Toy.cpp";
		};
		971D40C31BD1ACFB00661378 /* moc ToyButton */ = {
			isa = PBXShellScriptBuildPhase;
			buildActionMask = 2147483647;
			files = (
			);
			inputPaths = (
				OSCWidgets/ToyButton.h,
			);
			name = "moc ToyButton";
			outputPaths = (
				OSCWidgets/moc_ToyButton.cpp,
			);
			runOnlyForDeploymentPostprocessing = 0;
			shellPath = /bin/sh;
			shellScript = "~/Qt5.6.3/5.6.3/clang_64/bin/moc OSCWidgets/ToyButton.h -o OSCWidgets/moc_ToyButton.cpp";
		};
		971D40C41BD1AD3500661378 /* moc ToyCmd */ = {
			isa = PBXShellScriptBuildPhase;
			buildActionMask = 2147483647;
			files = (
			);
			inputPaths = (
				OSCWidgets/ToyCmd.h,
			);
			name = "moc ToyCmd";
			outputPaths = (
				OSCWidgets/moc_ToyCmd.cpp,
			);
			runOnlyForDeploymentPostprocessing = 0;
			shellPath = /bin/sh;
			shellScript = "~/Qt5.6.3/5.6.3/clang_64/bin/moc OSCWidgets/ToyCmd.h -o OSCWidgets/moc_ToyCmd.cpp";
		};
		971D40C51BD1AD8100661378 /* moc ToyEncoder */ = {
			isa = PBXShellScriptBuildPhase;
			buildActionMask = 2147483647;
			files = (
			);
			inputPaths = (
				OSCWidgets/ToyEncoder.h,
			);
			name = "moc ToyEncoder";
			outputPaths = (
				OSCWidgets/moc_ToyEncoder.cpp,
			);
			runOnlyForDeploymentPostprocessing = 0;
			shellPath = /bin/sh;
			shellScript = "~/Qt5.6.3/5.6.3/clang_64/bin/moc OSCWidgets/ToyEncoder.h -o OSCWidgets/moc_ToyEncoder.cpp";
		};
		971D40C61BD1ADBC00661378 /* moc ToyGrid */ = {
			isa = PBXShellScriptBuildPhase;
			buildActionMask = 2147483647;
			files = (
			);
			inputPaths = (
				OSCWidgets/ToyGrid.h,
			);
			name = "moc ToyGrid";
			outputPaths = (
				OSCWidgets/moc_ToyGrid.cpp,
			);
			runOnlyForDeploymentPostprocessing = 0;
			shellPath = /bin/sh;
			shellScript = "~/Qt5.6.3/5.6.3/clang_64/bin/moc OSCWidgets/ToyGrid.h -o OSCWidgets/moc_ToyGrid.cpp";
		};
		971D40C71BD1ADE700661378 /* moc ToyMetro */ = {
			isa = PBXShellScriptBuildPhase;
			buildActionMask = 2147483647;
			files = (
			);
			inputPaths = (
				OSCWidgets/ToyMetro.h,
			);
			name = "moc ToyMetro";
			outputPaths = (
				OSCWidgets/moc_ToyMetro.cpp,
			);
			runOnlyForDeploymentPostprocessing = 0;
			shellPath = /bin/sh;
			shellScript = "~/Qt5.6.3/5.6.3/clang_64/bin/moc OSCWidgets/ToyMetro.h -o OSCWidgets/moc_ToyMetro.cpp";
		};
		971D40C81BD1AE1500661378 /* moc ToyPedal */ = {
			isa = PBXShellScriptBuildPhase;
			buildActionMask = 2147483647;
			files = (
			);
			inputPaths = (
				OSCWidgets/ToyPedal.h,
			);
			name = "moc ToyPedal";
			outputPaths = (
				OSCWidgets/moc_ToyPedal.cpp,
			);
			runOnlyForDeploymentPostprocessing = 0;
			shellPath = /bin/sh;
			shellScript = "~/Qt5.6.3/5.6.3/clang_64/bin/moc OSCWidgets/ToyPedal.h -o OSCWidgets/moc_ToyPedal.cpp";
		};
		971D40C91BD1AE5600661378 /* moc ToySine */ = {
			isa = PBXShellScriptBuildPhase;
			buildActionMask = 2147483647;
			files = (
			);
			inputPaths = (
				OSCWidgets/ToySine.h,
			);
			name = "moc ToySine";
			outputPaths = (
				OSCWidgets/moc_ToySine.cpp,
			);
			runOnlyForDeploymentPostprocessing = 0;
			shellPath = /bin/sh;
			shellScript = "~/Qt5.6.3/5.6.3/clang_64/bin/moc OSCWidgets/ToySine.h -o OSCWidgets/moc_ToySine.cpp";
		};
		971D40CA1BD1AE8900661378 /* moc ToySlider */ = {
			isa = PBXShellScriptBuildPhase;
			buildActionMask = 2147483647;
			files = (
			);
			inputPaths = (
				OSCWidgets/ToySlider.h,
			);
			name = "moc ToySlider";
			outputPaths = (
				OSCWidgets/moc_ToySlider.cpp,
			);
			runOnlyForDeploymentPostprocessing = 0;
			shellPath = /bin/sh;
			shellScript = "~/Qt5.6.3/5.6.3/clang_64/bin/moc OSCWidgets/ToySlider.h -o OSCWidgets/moc_ToySlider.cpp";
		};
		971D40CB1BD1AEBE00661378 /* moc ToyWidget */ = {
			isa = PBXShellScriptBuildPhase;
			buildActionMask = 2147483647;
			files = (
			);
			inputPaths = (
				OSCWidgets/ToyWidget.h,
			);
			name = "moc ToyWidget";
			outputPaths = (
				OSCWidgets/moc_ToyWidget.cpp,
			);
			runOnlyForDeploymentPostprocessing = 0;
			shellPath = /bin/sh;
			shellScript = "~/Qt5.6.3/5.6.3/clang_64/bin/moc OSCWidgets/ToyWidget.h -o OSCWidgets/moc_ToyWidget.cpp";
		};
		971D40CC1BD1AEF600661378 /* moc ToyXY */ = {
			isa = PBXShellScriptBuildPhase;
			buildActionMask = 2147483647;
			files = (
			);
			inputPaths = (
				OSCWidgets/ToyXY.h,
			);
			name = "moc ToyXY";
			outputPaths = (
				OSCWidgets/moc_ToyXY.cpp,
			);
			runOnlyForDeploymentPostprocessing = 0;
			shellPath = /bin/sh;
			shellScript = "~/Qt5.6.3/5.6.3/clang_64/bin/moc OSCWidgets/ToyXY.h -o OSCWidgets/moc_ToyXY.cpp";
		};
		9730C2E91AB7C0BB0039899F /* Bundle Frameworks */ = {
			isa = PBXShellScriptBuildPhase;
			buildActionMask = 2147483647;
			files = (
			);
			inputPaths = (
			);
			name = "Bundle Frameworks";
			outputPaths = (
			);
			runOnlyForDeploymentPostprocessing = 0;
			shellPath = /bin/sh;
			shellScript = "##### copy Qt platform plugins #####\nmkdir -p \"${CONFIGURATION_BUILD_DIR}/${PRODUCT_NAME}.${WRAPPER_EXTENSION}/Contents/Plugins/platforms\"\ncp ~/Qt5.6.3/5.6.3/clang_64/plugins/platforms/libqcocoa.dylib \"${CONFIGURATION_BUILD_DIR}/${PRODUCT_NAME}.${WRAPPER_EXTENSION}/Contents/Plugins/platforms/libqcocoa.dylib\"\n\n##### copy Qt imageformat plugins #####\nmkdir -p \"${CONFIGURATION_BUILD_DIR}/${PRODUCT_NAME}.${WRAPPER_EXTENSION}/Contents/Plugins/imageformats\"\ncp ~/Qt5.6.3/5.6.3/clang_64/plugins/imageformats/libqicns.dylib \"${CONFIGURATION_BUILD_DIR}/${PRODUCT_NAME}.${WRAPPER_EXTENSION}/Contents/Plugins/imageformats\"\ncp ~/Qt5.6.3/5.6.3/clang_64/plugins/imageformats/libqjpeg.dylib \"${CONFIGURATION_BUILD_DIR}/${PRODUCT_NAME}.${WRAPPER_EXTENSION}/Contents/Plugins/imageformats\"\ncp ~/Qt5.6.3/5.6.3/clang_64/plugins/imageformats/libqtga.dylib \"${CONFIGURATION_BUILD_DIR}/${PRODUCT_NAME}.${WRAPPER_EXTENSION}/Contents/Plugins/imageformats\"\ncp ~/Qt5.6.3/5.6.3/clang_64/plugins/imageformats/libqwbmp.dylib \"${CONFIGURATION_BUILD_DIR}/${PRODUCT_NAME}.${WRAPPER_EXTENSION}/Contents/Plugins/imageformats\"\ncp ~/Qt5.6.3/5.6.3/clang_64/plugins/imageformats/libqgif.dylib \"${CONFIGURATION_BUILD_DIR}/${PRODUCT_NAME}.${WRAPPER_EXTENSION}/Contents/Plugins/imageformats\"\ncp ~/Qt5.6.3/5.6.3/clang_64/plugins/imageformats/libqico.dylib \"${CONFIGURATION_BUILD_DIR}/${PRODUCT_NAME}.${WRAPPER_EXTENSION}/Contents/Plugins/imageformats\"\ncp ~/Qt5.6.3/5.6.3/clang_64/plugins/imageformats/libqtiff.dylib \"${CONFIGURATION_BUILD_DIR}/${PRODUCT_NAME}.${WRAPPER_EXTENSION}/Contents/Plugins/imageformats\"\ncp ~/Qt5.6.3/5.6.3/clang_64/plugins/imageformats/libqwebp.dylib \"${CONFIGURATION_BUILD_DIR}/${PRODUCT_NAME}.${WRAPPER_EXTENSION}/Contents/Plugins/imageformats\"\n\n##### copy QtCore #####\nmkdir -p \"${CONFIGURATION_BUILD_DIR}/${PRODUCT_NAME}.${WRAPPER_EXTENSION}/Contents/Frameworks/QtCore.framework/Versions/5\"\nmkdir -p \"${CONFIGURATION_BUILD_DIR}/${PRODUCT_NAME}.${WRAPPER_EXTENSION}/Contents/Frameworks/QtCore.framework/Versions/5/Resources\"\ncp -R ~/Qt5.6.3/5.6.3/clang_64/lib/QtCore.framework/Versions/5/QtCore \"${CONFIGURATION_BUILD_DIR}/${PRODUCT_NAME}.${WRAPPER_EXTENSION}/Contents/Frameworks/QtCore.framework/Versions/5\"\ncp ~/Qt5.6.3/5.6.3/clang_64/lib/QtCore.framework/Resources/Info.plist \"${CONFIGURATION_BUILD_DIR}/${PRODUCT_NAME}.${WRAPPER_EXTENSION}/Contents/Frameworks/QtCore.framework/Versions/5/Resources\"\ncd \"${CONFIGURATION_BUILD_DIR}/${PRODUCT_NAME}.${WRAPPER_EXTENSION}/Contents/Frameworks/QtCore.framework/Versions\"\nif [ ! -L Current ]; then\nln -s 5 Current\nfi\n\n##### copy QtWidgets #####\nmkdir -p \"${CONFIGURATION_BUILD_DIR}/${PRODUCT_NAME}.${WRAPPER_EXTENSION}/Contents/Frameworks/QtWidgets.framework/Versions/5\"\nmkdir -p \"${CONFIGURATION_BUILD_DIR}/${PRODUCT_NAME}.${WRAPPER_EXTENSION}/Contents/Frameworks/QtWidgets.framework/Versions/5/Resources\"\ncp -R ~/Qt5.6.3/5.6.3/clang_64/lib/QtWidgets.framework/Versions/5/QtWidgets \"${CONFIGURATION_BUILD_DIR}/${PRODUCT_NAME}.${WRAPPER_EXTENSION}/Contents/Frameworks/QtWidgets.framework/Versions/5\"\ncp ~/Qt5.6.3/5.6.3/clang_64/lib/QtWidgets.framework/Resources/Info.plist \"${CONFIGURATION_BUILD_DIR}/${PRODUCT_NAME}.${WRAPPER_EXTENSION}/Contents/Frameworks/QtWidgets.framework/Versions/5/Resources\"\ncd \"${CONFIGURATION_BUILD_DIR}/${PRODUCT_NAME}.${WRAPPER_EXTENSION}/Contents/Frameworks/QtWidgets.framework/Versions\"\nif [ ! -L Current ]; then\nln -s 5 Current\nfi\n\n##### copy QtGui #####\nmkdir -p \"${CONFIGURATION_BUILD_DIR}/${PRODUCT_NAME}.${WRAPPER_EXTENSION}/Contents/Frameworks/QtGui.framework/Versions/5\"\nmkdir -p \"${CONFIGURATION_BUILD_DIR}/${PRODUCT_NAME}.${WRAPPER_EXTENSION}/Contents/Frameworks/QtGui.framework/Versions/5/Resources\"\ncp -R ~/Qt5.6.3/5.6.3/clang_64/lib/QtGui.framework/Versions/5/QtGui \"${CONFIGURATION_BUILD_DIR}/${PRODUCT_NAME}.${WRAPPER_EXTENSION}/Contents/Frameworks/QtGui.framework/Versions/5\"\ncp ~/Qt5.6.3/5.6.3/clang_64/lib/QtGui.framework/Resources/Info.plist \"${CONFIGURATION_BUILD_DIR}/${PRODUCT_NAME}.${WRAPPER_EXTENSION}/Contents/Frameworks/QtGui.framework/Versions/5/Resources\"\ncd \"${CONFIGURATION_BUILD_DIR}/${PRODUCT_NAME}.${WRAPPER_EXTENSION}/Contents/Frameworks/QtGui.framework/Versions\"\nif [ ! -L Current ]; then\nln -s 5 Current\nfi\n\n##### copy QtNetwork #####\nmkdir -p \"${CONFIGURATION_BUILD_DIR}/${PRODUCT_NAME}.${WRAPPER_EXTENSION}/Contents/Frameworks/QtNetwork.framework/Versions/5\"\nmkdir -p \"${CONFIGURATION_BUILD_DIR}/${PRODUCT_NAME}.${WRAPPER_EXTENSION}/Contents/Frameworks/QtNetwork.framework/Versions/5/Resources\"\ncp -R ~/Qt5.6.3/5.6.3/clang_64/lib/QtNetwork.framework/Versions/5/QtNetwork \"${CONFIGURATION_BUILD_DIR}/${PRODUCT_NAME}.${WRAPPER_EXTENSION}/Contents/Frameworks/QtNetwork.framework/Versions/5\"\ncp ~/Qt5.6.3/5.6.3/clang_64/lib/QtNetwork.framework/Resources/Info.plist \"${CONFIGURATION_BUILD_DIR}/${PRODUCT_NAME}.${WRAPPER_EXTENSION}/Contents/Frameworks/QtNetwork.framework/Versions/5/Resources\"\ncd \"${CONFIGURATION_BUILD_DIR}/${PRODUCT_NAME}.${WRAPPER_EXTENSION}/Contents/Frameworks/QtNetwork.framework/Versions\"\nif [ ! -L Current ]; then\nln -s 5 Current\nfi\n\n##### copy QtPrintSupport #####\nmkdir -p \"${CONFIGURATION_BUILD_DIR}/${PRODUCT_NAME}.${WRAPPER_EXTENSION}/Contents/Frameworks/QtPrintSupport.framework/Versions/5\"\nmkdir -p \"${CONFIGURATION_BUILD_DIR}/${PRODUCT_NAME}.${WRAPPER_EXTENSION}/Contents/Frameworks/QtPrintSupport.framework/Versions/5/Resources\"\ncp -R ~/Qt5.6.3/5.6.3/clang_64/lib/QtPrintSupport.framework/Versions/5/QtPrintSupport \"${CONFIGURATION_BUILD_DIR}/${PRODUCT_NAME}.${WRAPPER_EXTENSION}/Contents/Frameworks/QtPrintSupport.framework/Versions/5\"\ncp ~/Qt5.6.3/5.6.3/clang_64/lib/QtPrintSupport.framework/Resources/Info.plist \"${CONFIGURATION_BUILD_DIR}/${PRODUCT_NAME}.${WRAPPER_EXTENSION}/Contents/Frameworks/QtPrintSupport.framework/Versions/5/Resources\"\ncd \"${CONFIGURATION_BUILD_DIR}/${PRODUCT_NAME}.${WRAPPER_EXTENSION}/Contents/Frameworks/QtPrintSupport.framework/Versions\"\nif [ ! -L Current ]; then\nln -s 5 Current\nfi\n\n##### identify bundled Qt frameworks #####\ninstall_name_tool -id @executable_path/../Frameworks/QtCore.framework/Versions/5/QtCore \"${CONFIGURATION_BUILD_DIR}/${PRODUCT_NAME}.${WRAPPER_EXTENSION}/Contents/Frameworks/QtCore.framework/Versions/5/QtCore\"\ninstall_name_tool -id @executable_path/../Frameworks/QtWidgets.framework/Versions/5/QtWidgets \"${CONFIGURATION_BUILD_DIR}/${PRODUCT_NAME}.${WRAPPER_EXTENSION}/Contents/Frameworks/QtWidgets.framework/Versions/5/QtWidgets\"\ninstall_name_tool -id @executable_path/../Frameworks/QtNetwork.framework/Versions/5/QtNetwork \"${CONFIGURATION_BUILD_DIR}/${PRODUCT_NAME}.${WRAPPER_EXTENSION}/Contents/Frameworks/QtNetwork.framework/Versions/5/QtNetwork\"\ninstall_name_tool -id @executable_path/../Frameworks/QtPrintSupport.framework/Versions/5/QtPrintSupport \"${CONFIGURATION_BUILD_DIR}/${PRODUCT_NAME}.${WRAPPER_EXTENSION}/Contents/Frameworks/QtPrintSupport.framework/Versions/5/QtPrintSupport\"\n\n##### redirect executable to use bundled Qt frameworks #####\ninstall_name_tool -change QtCore.framework/Versions/5/QtCore @executable_path/../Frameworks/QtCore.framework/Versions/5/QtCore \"${CONFIGURATION_BUILD_DIR}/${PRODUCT_NAME}.${WRAPPER_EXTENSION}/Contents/MacOs/${PRODUCT_NAME}\"\ninstall_name_tool -change QtWidgets.framework/Versions/5/QtWidgets @executable_path/../Frameworks/QtWidgets.framework/Versions/5/QtWidgets \"${CONFIGURATION_BUILD_DIR}/${PRODUCT_NAME}.${WRAPPER_EXTENSION}/Contents/MacOs/${PRODUCT_NAME}\"\ninstall_name_tool -change QtGui.framework/Versions/5/QtGui @executable_path/../Frameworks/QtGui.framework/Versions/5/QtGui \"${CONFIGURATION_BUILD_DIR}/${PRODUCT_NAME}.${WRAPPER_EXTENSION}/Contents/MacOs/${PRODUCT_NAME}\"\ninstall_name_tool -change QtNetwork.framework/Versions/5/QtNetwork @executable_path/../Frameworks/QtNetwork.framework/Versions/5/QtNetwork \"${CONFIGURATION_BUILD_DIR}/${PRODUCT_NAME}.${WRAPPER_EXTENSION}/Contents/MacOs/${PRODUCT_NAME}\"\ninstall_name_tool -change QtPrintSupport.framework/Versions/5/QtPrintSupport @executable_path/../Frameworks/QtPrintSupport.framework/Versions/5/QtPrintSupport \"${CONFIGURATION_BUILD_DIR}/${PRODUCT_NAME}.${WRAPPER_EXTENSION}/Contents/MacOs/${PRODUCT_NAME}\"\n\n##### redirect bundled frameworks/libraries to use bundled dependecies #####\ninstall_name_tool -change QtCore.framework/Versions/5/QtCore @executable_path/../Frameworks/QtCore.framework/Versions/5/QtCore \"${CONFIGURATION_BUILD_DIR}/${PRODUCT_NAME}.${WRAPPER_EXTENSION}/Contents/Frameworks/QtWidgets.framework/Versions/5/QtWidgets\"\ninstall_name_tool -change QtGui.framework/Versions/5/QtGui @executable_path/../Frameworks/QtGui.framework/Versions/5/QtGui \"${CONFIGURATION_BUILD_DIR}/${PRODUCT_NAME}.${WRAPPER_EXTENSION}/Contents/Frameworks/QtWidgets.framework/Versions/5/QtWidgets\"\ninstall_name_tool -change QtCore.framework/Versions/5/QtCore @executable_path/../Frameworks/QtCore.framework/Versions/5/QtCore \"${CONFIGURATION_BUILD_DIR}/${PRODUCT_NAME}.${WRAPPER_EXTENSION}/Contents/Frameworks/QtGui.framework/Versions/5/QtGui\"\ninstall_name_tool -change QtCore.framework/Versions/5/QtCore @executable_path/../Frameworks/QtCore.framework/Versions/5/QtCore \"${CONFIGURATION_BUILD_DIR}/${PRODUCT_NAME}.${WRAPPER_EXTENSION}/Contents/Frameworks/QtNetwork.framework/Versions/5/QtNetwork\"\ninstall_name_tool -change QtCore.framework/Versions/5/QtCore @executable_path/../Frameworks/QtCore.framework/Versions/5/QtCore \"${CONFIGURATION_BUILD_DIR}/${PRODUCT_NAME}.${WRAPPER_EXTENSION}/Contents/Frameworks/QtPrintSupport.framework/Versions/5/QtPrintSupport\"\ninstall_name_tool -change QtWidgets.framework/Versions/5/QtWidgets @executable_path/../Frameworks/QtWidgets.framework/Versions/5/QtWidgets \"${CONFIGURATION_BUILD_DIR}/${PRODUCT_NAME}.${WRAPPER_EXTENSION}/Contents/Frameworks/QtPrintSupport.framework/Versions/5/QtPrintSupport\"\ninstall_name_tool -change QtGui.framework/Versions/5/QtGui @executable_path/../Frameworks/QtGui.framework/Versions/5/QtGui \"${CONFIGURATION_BUILD_DIR}/${PRODUCT_NAME}.${WRAPPER_EXTENSION}/Contents/Frameworks/QtPrintSupport.framework/Versions/5/QtPrintSupport\"\n\n##### platform plugins #####\ninstall_name_tool -change QtCore.framework/Versions/5/QtCore @executable_path/../Frameworks/QtCore.framework/Versions/5/QtCore \"${CONFIGURATION_BUILD_DIR}/${PRODUCT_NAME}.${WRAPPER_EXTENSION}/Contents/Plugins/platforms/libqcocoa.dylib\"\ninstall_name_tool -change QtGui.framework/Versions/5/QtGui @executable_path/../Frameworks/QtGui.framework/Versions/5/QtGui \"${CONFIGURATION_BUILD_DIR}/${PRODUCT_NAME}.${WRAPPER_EXTENSION}/Contents/Plugins/platforms/libqcocoa.dylib\"\ninstall_name_tool -change QtWidgets.framework/Versions/5/QtWidgets @executable_path/../Frameworks/QtWidgets.framework/Versions/5/QtWidgets \"${CONFIGURATION_BUILD_DIR}/${PRODUCT_NAME}.${WRAPPER_EXTENSION}/Contents/Plugins/platforms/libqcocoa.dylib\"\ninstall_name_tool -change QtPrintSupport.framework/Versions/5/QtPrintSupport @executable_path/../Frameworks/QtPrintSupport.framework/Versions/5/QtPrintSupport \"${CONFIGURATION_BUILD_DIR}/${PRODUCT_NAME}.${WRAPPER_EXTENSION}/Contents/Plugins/platforms/libqcocoa.dylib\"\n\n##### imageformat plugins #####\ninstall_name_tool -change QtCore.framework/Versions/5/QtCore @executable_path/../Frameworks/QtCore.framework/Versions/5/QtCore \"${CONFIGURATION_BUILD_DIR}/${PRODUCT_NAME}.${WRAPPER_EXTENSION}/Contents/Plugins/imageformats/libqicns.dylib\"\ninstall_name_tool -change QtGui.framework/Versions/5/QtGui @executable_path/../Frameworks/QtGui.framework/Versions/5/QtGui \"${CONFIGURATION_BUILD_DIR}/${PRODUCT_NAME}.${WRAPPER_EXTENSION}/Contents/Plugins/imageformats/libqicns.dylib\"\ninstall_name_tool -change QtCore.framework/Versions/5/QtCore @executable_path/../Frameworks/QtCore.framework/Versions/5/QtCore \"${CONFIGURATION_BUILD_DIR}/${PRODUCT_NAME}.${WRAPPER_EXTENSION}/Contents/Plugins/imageformats/libqjpeg.dylib\"\ninstall_name_tool -change QtGui.framework/Versions/5/QtGui @executable_path/../Frameworks/QtGui.framework/Versions/5/QtGui \"${CONFIGURATION_BUILD_DIR}/${PRODUCT_NAME}.${WRAPPER_EXTENSION}/Contents/Plugins/imageformats/libqjpeg.dylib\"\ninstall_name_tool -change QtCore.framework/Versions/5/QtCore @executable_path/../Frameworks/QtCore.framework/Versions/5/QtCore \"${CONFIGURATION_BUILD_DIR}/${PRODUCT_NAME}.${WRAPPER_EXTENSION}/Contents/Plugins/imageformats/libqtga.dylib\"\ninstall_name_tool -change QtGui.framework/Versions/5/QtGui @executable_path/../Frameworks/QtGui.framework/Versions/5/QtGui \"${CONFIGURATION_BUILD_DIR}/${PRODUCT_NAME}.${WRAPPER_EXTENSION}/Contents/Plugins/imageformats/libqtga.dylib\"\ninstall_name_tool -change QtCore.framework/Versions/5/QtCore @executable_path/../Frameworks/QtCore.framework/Versions/5/QtCore \"${CONFIGURATION_BUILD_DIR}/${PRODUCT_NAME}.${WRAPPER_EXTENSION}/Contents/Plugins/imageformats/libqwbmp.dylib\"\ninstall_name_tool -change QtGui.framework/Versions/5/QtGui @executable_path/../Frameworks/QtGui.framework/Versions/5/QtGui \"${CONFIGURATION_BUILD_DIR}/${PRODUCT_NAME}.${WRAPPER_EXTENSION}/Contents/Plugins/imageformats/libqwbmp.dylib\"\ninstall_name_tool -change QtCore.framework/Versions/5/QtCore @executable_path/../Frameworks/QtCore.framework/Versions/5/QtCore \"${CONFIGURATION_BUILD_DIR}/${PRODUCT_NAME}.${WRAPPER_EXTENSION}/Contents/Plugins/imageformats/libqgif.dylib\"\ninstall_name_tool -change QtGui.framework/Versions/5/QtGui @executable_path/../Frameworks/QtGui.framework/Versions/5/QtGui \"${CONFIGURATION_BUILD_DIR}/${PRODUCT_NAME}.${WRAPPER_EXTENSION}/Contents/Plugins/imageformats/libqgif.dylib\"\ninstall_name_tool -change QtCore.framework/Versions/5/QtCore @executable_path/../Frameworks/QtCore.framework/Versions/5/QtCore \"${CONFIGURATION_BUILD_DIR}/${PRODUCT_NAME}.${WRAPPER_EXTENSION}/Contents/Plugins/imageformats/libqico.dylib\"\ninstall_name_tool -change QtGui.framework/Versions/5/QtGui @executable_path/../Frameworks/QtGui.framework/Versions/5/QtGui \"${CONFIGURATION_BUILD_DIR}/${PRODUCT_NAME}.${WRAPPER_EXTENSION}/Contents/Plugins/imageformats/libqico.dylib\"\ninstall_name_tool -change QtCore.framework/Versions/5/QtCore @executable_path/../Frameworks/QtCore.framework/Versions/5/QtCore \"${CONFIGURATION_BUILD_DIR}/${PRODUCT_NAME}.${WRAPPER_EXTENSION}/Contents/Plugins/imageformats/libqtiff.dylib\"\ninstall_name_tool -change QtGui.framework/Versions/5/QtGui @executable_path/../Frameworks/QtGui.framework/Versions/5/QtGui \"${CONFIGURATION_BUILD_DIR}/${PRODUCT_NAME}.${WRAPPER_EXTENSION}/Contents/Plugins/imageformats/libqtiff.dylib\"\ninstall_name_tool -change QtCore.framework/Versions/5/QtCore @executable_path/../Frameworks/QtCore.framework/Versions/5/QtCore \"${CONFIGURATION_BUILD_DIR}/${PRODUCT_NAME}.${WRAPPER_EXTENSION}/Contents/Plugins/imageformats/libqwebp.dylib\"\ninstall_name_tool -change QtGui.framework/Versions/5/QtGui @executable_path/../Frameworks/QtGui.framework/Versions/5/QtGui \"${CONFIGURATION_BUILD_DIR}/${PRODUCT_NAME}.${WRAPPER_EXTENSION}/Contents/Plugins/imageformats/libqwebp.dylib\"";
		};
		97E137551AB28E930056BE05 /* moc MainWindow */ = {
			isa = PBXShellScriptBuildPhase;
			buildActionMask = 2147483647;
			files = (
			);
			inputPaths = (
				OSCWidgets/MainWindow.h,
			);
			name = "moc MainWindow";
			outputPaths = (
				OSCWidgets/moc_MainWindow.cpp,
			);
			runOnlyForDeploymentPostprocessing = 0;
			shellPath = /bin/sh;
			shellScript = "~/Qt5.6.3/5.6.3/clang_64/bin/moc OSCWidgets/MainWindow.h -o OSCWidgets/moc_MainWindow.cpp";
		};
		97FE38541B7FC33500B5DE7E /* moc Toys */ = {
			isa = PBXShellScriptBuildPhase;
			buildActionMask = 2147483647;
			files = (
			);
			inputPaths = (
				OSCWidgets/Toys.h,
			);
			name = "moc Toys";
			outputPaths = (
				OSCWidgets/moc_Toys.cpp,
			);
			runOnlyForDeploymentPostprocessing = 0;
			shellPath = /bin/sh;
			shellScript = "~/Qt5.6.3/5.6.3/clang_64/bin/moc OSCWidgets/Toys.h -o OSCWidgets/moc_Toys.cpp";
		};
/* End PBXShellScriptBuildPhase section */

/* Begin PBXSourcesBuildPhase section */
		C29B8785722055ED95EF7B57 /* Build Sources */ = {
			isa = PBXSourcesBuildPhase;
			buildActionMask = 2147483647;
			files = (
				69FD62251CB370F0006A81D8 /* LogWidget.cpp in Build Sources */,
				97E137381AB28C3A0056BE05 /* MainWindow.cpp in Build Sources */,
				971D40E31BD1AF3E00661378 /* moc_ToySine.cpp in Build Sources */,
				97E137481AB28C720056BE05 /* EosLog.cpp in Build Sources */,
				971D40DD1BD1AF3D00661378 /* moc_ToyButton.cpp in Build Sources */,
				971D40B11BD1AB7F00661378 /* EditPanel.cpp in Build Sources */,
				9766D4441BD9E3D3005BF988 /* Utils.cpp in Build Sources */,
				971D40B51BD1AB7F00661378 /* Toy.cpp in Build Sources */,
				979091DA1B1912D400E4291B /* EosUdp.cpp in Build Sources */,
				9766D4431BD9E3D3005BF988 /* ToyPedal.cpp in Build Sources */,
				971D40DB1BD1AF3D00661378 /* moc_SettingsPanel.cpp in Build Sources */,
				97E1374E1AB28C720056BE05 /* OSCParser.cpp in Build Sources */,
				69A527D71C721D50002B7FA1 /* FadeButton.cpp in Build Sources */,
				971D40BA1BD1AB7F00661378 /* ToyMetro.cpp in Build Sources */,
				69FD62281CB37170006A81D8 /* moc_LogWidget.cpp in Build Sources */,
				97BD426D1BAA702B00F534CC /* OSCWidgets.qrc.cpp in Build Sources */,
				971D40E11BD1AF3E00661378 /* moc_ToyMetro.cpp in Build Sources */,
				971D40B71BD1AB7F00661378 /* ToyCmd.cpp in Build Sources */,
				97E137371AB28C3A0056BE05 /* main.cpp in Build Sources */,
				69B3CA401CD2C793006D6582 /* EosPlatform_Mac_Native.mm in Build Sources */,
				69B3CA421CD2C793006D6582 /* EosPlatform.cpp in Build Sources */,
				971D40BE1BD1AB7F00661378 /* ToyWidget.cpp in Build Sources */,
				69FD62241CB370F0006A81D8 /* LogFile.cpp in Build Sources */,
				971D40DF1BD1AF3E00661378 /* moc_ToyEncoder.cpp in Build Sources */,
				971D40B31BD1AB7F00661378 /* NetworkThreads.cpp in Build Sources */,
				971D40BC1BD1AB7F00661378 /* ToySine.cpp in Build Sources */,
				9730C2E71AB7C0230039899F /* moc_MainWindow.cpp in Build Sources */,
				69F843A81CBF421B008F5AF4 /* ToyWindow.cpp in Build Sources */,
				97E1374B1AB28C720056BE05 /* EosTcp_Mac.cpp in Build Sources */,
				9766D4461BD9E460005BF988 /* moc_ToyPedal.cpp in Build Sources */,
				97FE38531B7FB56400B5DE7E /* Toys.cpp in Build Sources */,
				695301651C9CB459001CA235 /* ToyActivity.cpp in Build Sources */,
				971D40B21BD1AB7F00661378 /* ToyXY.cpp in Build Sources */,
				971D40BD1BD1AB7F00661378 /* ToySlider.cpp in Build Sources */,
				97E1374C1AB28C720056BE05 /* EosTcp.cpp in Build Sources */,
				971D40DA1BD1AF3D00661378 /* moc_EditPanel.cpp in Build Sources */,
				69A527DD1C721E2C002B7FA1 /* moc_FadeButton.cpp in Build Sources */,
				971D40DC1BD1AF3D00661378 /* moc_Toy.cpp in Build Sources */,
				97E1374D1AB28C720056BE05 /* EosTimer.cpp in Build Sources */,
				971D40E01BD1AF3E00661378 /* moc_ToyGrid.cpp in Build Sources */,
				695301681C9CB4F5001CA235 /* moc_ToyActivity.cpp in Build Sources */,
				971D40B41BD1AB7F00661378 /* SettingsPanel.cpp in Build Sources */,
				69B3CA411CD2C793006D6582 /* EosPlatform_Mac.cpp in Build Sources */,
				69283AE61CC0373D00F2F31C /* moc_ToyWindow.cpp in Build Sources */,
				97FE38561B7FC38100B5DE7E /* moc_Toys.cpp in Build Sources */,
				971D40B81BD1AB7F00661378 /* ToyEncoder.cpp in Build Sources */,
				971D40E51BD1AF3E00661378 /* moc_ToyWidget.cpp in Build Sources */,
				69A527D81C721D50002B7FA1 /* ToyFlicker.cpp in Build Sources */,
				971D40E41BD1AF3E00661378 /* moc_ToySlider.cpp in Build Sources */,
				69A527DE1C721E2C002B7FA1 /* moc_ToyFlicker.cpp in Build Sources */,
				69625E191CD1B6D800DFCD46 /* ToyLabel.cpp in Build Sources */,
				971D40B61BD1AB7F00661378 /* ToyButton.cpp in Build Sources */,
				971D40DE1BD1AF3E00661378 /* moc_ToyCmd.cpp in Build Sources */,
				979091D91B1912D400E4291B /* EosUdp_Mac.cpp in Build Sources */,
				97E137491AB28C720056BE05 /* EosOsc.cpp in Build Sources */,
				97E1374A1AB28C720056BE05 /* EosSyncLib.cpp in Build Sources */,
				971D40E61BD1AF3E00661378 /* moc_ToyXY.cpp in Build Sources */,
				971D40B91BD1AB7F00661378 /* ToyGrid.cpp in Build Sources */,
			);
			name = "Build Sources";
			runOnlyForDeploymentPostprocessing = 0;
		};
/* End PBXSourcesBuildPhase section */

/* Begin XCBuildConfiguration section */
		4B72B24813252891014BCF61 /* Debug */ = {
			isa = XCBuildConfiguration;
			buildSettings = {
				CLANG_WARN_BOOL_CONVERSION = YES;
				CLANG_WARN_CONSTANT_CONVERSION = YES;
				CLANG_WARN_EMPTY_BODY = YES;
				CLANG_WARN_ENUM_CONVERSION = YES;
				CLANG_WARN_INFINITE_RECURSION = YES;
				CLANG_WARN_INT_CONVERSION = YES;
				CLANG_WARN_SUSPICIOUS_MOVE = YES;
				CLANG_WARN_UNREACHABLE_CODE = YES;
				CLANG_WARN__DUPLICATE_METHOD_MATCH = YES;
				COPY_PHASE_STRIP = NO;
				ENABLE_STRICT_OBJC_MSGSEND = YES;
				ENABLE_TESTABILITY = YES;
				GCC_GENERATE_DEBUGGING_SYMBOLS = YES;
				GCC_NO_COMMON_BLOCKS = YES;
				GCC_OPTIMIZATION_LEVEL = 0;
				GCC_WARN_64_TO_32_BIT_CONVERSION = YES;
				GCC_WARN_ABOUT_RETURN_TYPE = YES;
				GCC_WARN_UNDECLARED_SELECTOR = YES;
				GCC_WARN_UNINITIALIZED_AUTOS = YES;
				GCC_WARN_UNUSED_FUNCTION = YES;
				GCC_WARN_UNUSED_VARIABLE = YES;
				INFOPLIST_FILE = Info.plist;
				MACOSX_DEPLOYMENT_TARGET = 10.9;
				ONLY_ACTIVE_ARCH = YES;
				OTHER_LDFLAGS = "-headerpad_max_install_names";
				PRODUCT_NAME = OSCWidgets;
			};
			name = Debug;
		};
		8C7174830A1E4DCBA0332EC1 /* Release */ = {
			isa = XCBuildConfiguration;
			buildSettings = {
				COPY_PHASE_STRIP = YES;
				FRAMEWORK_SEARCH_PATHS = "~/Qt5.6.3/5.6.3/clang_64/lib";
				GCC_GENERATE_DEBUGGING_SYMBOLS = NO;
				GCC_PREPROCESSOR_DEFINITIONS = QT_SHARED;
				LD_RUNPATH_SEARCH_PATHS = "@executable_path/../Frameworks";
				OTHER_CFLAGS = (
					"-Wno-switch",
					"-Wno-#warnings",
				);
				PRODUCT_BUNDLE_IDENTIFIER = com.etc.OSCWidgets;
			};
			name = Release;
		};
		BEC09A62E69C3553534FF35E /* Debug */ = {
			isa = XCBuildConfiguration;
			buildSettings = {
				COPY_PHASE_STRIP = NO;
				FRAMEWORK_SEARCH_PATHS = "~/Qt5.6.3/5.6.3/clang_64/lib";
				GCC_GENERATE_DEBUGGING_SYMBOLS = YES;
				GCC_OPTIMIZATION_LEVEL = 0;
				GCC_PREPROCESSOR_DEFINITIONS = QT_SHARED;
				LD_RUNPATH_SEARCH_PATHS = "@executable_path/../Frameworks";
				OTHER_CFLAGS = (
					"-Wno-switch",
					"-Wno-#warnings",
				);
				PRODUCT_BUNDLE_IDENTIFIER = com.etc.OSCWidgets;
			};
			name = Debug;
		};
		D70590BEB531B51029F711BB /* Release */ = {
			isa = XCBuildConfiguration;
			buildSettings = {
				CLANG_WARN_BOOL_CONVERSION = YES;
				CLANG_WARN_CONSTANT_CONVERSION = YES;
				CLANG_WARN_EMPTY_BODY = YES;
				CLANG_WARN_ENUM_CONVERSION = YES;
				CLANG_WARN_INFINITE_RECURSION = YES;
				CLANG_WARN_INT_CONVERSION = YES;
				CLANG_WARN_SUSPICIOUS_MOVE = YES;
				CLANG_WARN_UNREACHABLE_CODE = YES;
				CLANG_WARN__DUPLICATE_METHOD_MATCH = YES;
				COPY_PHASE_STRIP = YES;
				ENABLE_STRICT_OBJC_MSGSEND = YES;
				GCC_GENERATE_DEBUGGING_SYMBOLS = NO;
				GCC_NO_COMMON_BLOCKS = YES;
				GCC_WARN_64_TO_32_BIT_CONVERSION = YES;
				GCC_WARN_ABOUT_RETURN_TYPE = YES;
				GCC_WARN_UNDECLARED_SELECTOR = YES;
				GCC_WARN_UNINITIALIZED_AUTOS = YES;
				GCC_WARN_UNUSED_FUNCTION = YES;
				GCC_WARN_UNUSED_VARIABLE = YES;
				INFOPLIST_FILE = Info.plist;
				MACOSX_DEPLOYMENT_TARGET = 10.9;
				OTHER_LDFLAGS = "-headerpad_max_install_names";
				PRODUCT_NAME = OSCWidgets;
			};
			name = Release;
		};
/* End XCBuildConfiguration section */

/* Begin XCConfigurationList section */
		17B3380A4D6A7D415E7F2E1E /* Build configuration list for PBXNativeTarget "OSCWidgets" */ = {
			isa = XCConfigurationList;
			buildConfigurations = (
				BEC09A62E69C3553534FF35E /* Debug */,
				8C7174830A1E4DCBA0332EC1 /* Release */,
			);
			defaultConfigurationIsVisible = 0;
			defaultConfigurationName = Release;
		};
		CC82A9286117DFED018F418F /* Build configuration list for PBXProject "OSCWidgets" */ = {
			isa = XCConfigurationList;
			buildConfigurations = (
				4B72B24813252891014BCF61 /* Debug */,
				D70590BEB531B51029F711BB /* Release */,
			);
			defaultConfigurationIsVisible = 0;
			defaultConfigurationName = Release;
		};
/* End XCConfigurationList section */
	};
	rootObject = 91B15E841AA80083484172DE /* Project object */;
}
